// !$*UTF8*$!
{
	archiveVersion = 1;
	classes = {
	};
	objectVersion = 77;
	objects = {

/* Begin PBXBuildFile section */
		B91B25982D0D483C00B81831 /* AoC-Helpers in Frameworks */ = {isa = PBXBuildFile; productRef = B91B25972D0D483C00B81831 /* AoC-Helpers */; };
		B91B25A92D0E9A7400B81831 /* AoC-Helpers in Frameworks */ = {isa = PBXBuildFile; productRef = B91B25A82D0E9A7400B81831 /* AoC-Helpers */; };
		B91B25BE2D1075DA00B81831 /* AoC-Helpers in Frameworks */ = {isa = PBXBuildFile; productRef = B91B25BD2D1075DA00B81831 /* AoC-Helpers */; };
		B91B25C12D1076BC00B81831 /* HeapModule in Frameworks */ = {isa = PBXBuildFile; productRef = B91B25C02D1076BC00B81831 /* HeapModule */; };
		B91B26852D11CEF500B81831 /* AoC-Helpers in Frameworks */ = {isa = PBXBuildFile; productRef = B91B26842D11CEF500B81831 /* AoC-Helpers */; };
		B91B26992D131A2400B81831 /* AoC-Helpers in Frameworks */ = {isa = PBXBuildFile; productRef = B91B26982D131A2400B81831 /* AoC-Helpers */; };
		B9395A242D0B33500015573E /* AoC-Helpers in Frameworks */ = {isa = PBXBuildFile; productRef = B9395A232D0B33500015573E /* AoC-Helpers */; };
		B966D7222D016A8700039D2D /* AoC-Helpers in Frameworks */ = {isa = PBXBuildFile; productRef = B966D7212D016A8700039D2D /* AoC-Helpers */; };
		B97C718C2D040DD100C8CD0C /* AoC-Helpers in Frameworks */ = {isa = PBXBuildFile; productRef = B97C718B2D040DD100C8CD0C /* AoC-Helpers */; };
		B9822E9D2D145C77001C5B42 /* AoC-Helpers in Frameworks */ = {isa = PBXBuildFile; productRef = B9822E9C2D145C77001C5B42 /* AoC-Helpers */; };
		B9822EB12D15D288001C5B42 /* AoC-Helpers in Frameworks */ = {isa = PBXBuildFile; productRef = B9822EB02D15D288001C5B42 /* AoC-Helpers */; };
		B99876132D055F1B00C2ABE1 /* AoC-Helpers in Frameworks */ = {isa = PBXBuildFile; productRef = B99876122D055F1B00C2ABE1 /* AoC-Helpers */; };
		B99876252D073C5A00C2ABE1 /* AoC-Helpers in Frameworks */ = {isa = PBXBuildFile; productRef = B99876242D073C5A00C2ABE1 /* AoC-Helpers */; };
		B99876642D08FB6300C2ABE1 /* AoC-Helpers in Frameworks */ = {isa = PBXBuildFile; productRef = B99876632D08FB6300C2ABE1 /* AoC-Helpers */; };
		B99876792D09DEA000C2ABE1 /* AoC-Helpers in Frameworks */ = {isa = PBXBuildFile; productRef = B99876782D09DEA000C2ABE1 /* AoC-Helpers */; };
		B9994F1A2CFEC7B400B62C24 /* AoC-Helpers in Frameworks */ = {isa = PBXBuildFile; productRef = B9994F192CFEC7B400B62C24 /* AoC-Helpers */; };
		B9BAA4D22D02BC4800E3988F /* AoC-Helpers in Frameworks */ = {isa = PBXBuildFile; productRef = B9BAA4D12D02BC4800E3988F /* AoC-Helpers */; };
		B9BFE8A72D0C87970064FB19 /* AoC-Helpers in Frameworks */ = {isa = PBXBuildFile; productRef = B9BFE8A62D0C87970064FB19 /* AoC-Helpers */; };
		B9CDA9692CFCB2D700D67D9C /* AoC-Helpers in Frameworks */ = {isa = PBXBuildFile; productRef = B9CDA9682CFCB2D700D67D9C /* AoC-Helpers */; };
		B9CDA97F2CFD7BC700D67D9C /* AoC-Helpers in Frameworks */ = {isa = PBXBuildFile; productRef = B9CDA97E2CFD7BC700D67D9C /* AoC-Helpers */; };
		B9E1AC522CFFB76800DA3DE7 /* AoC-Helpers in Frameworks */ = {isa = PBXBuildFile; productRef = B9E1AC512CFFB76800DA3DE7 /* AoC-Helpers */; };
/* End PBXBuildFile section */

/* Begin PBXCopyFilesBuildPhase section */
		B91B258E2D0D480B00B81831 /* CopyFiles */ = {
			isa = PBXCopyFilesBuildPhase;
			buildActionMask = 2147483647;
			dstPath = /usr/share/man/man1/;
			dstSubfolderSpec = 0;
			files = (
			);
			runOnlyForDeploymentPostprocessing = 1;
		};
		B91B25992D0D483F00B81831 /* CopyFiles */ = {
			isa = PBXCopyFilesBuildPhase;
			buildActionMask = 2147483647;
			dstPath = "";
			dstSubfolderSpec = 7;
			files = (
			);
			runOnlyForDeploymentPostprocessing = 0;
		};
		B91B259F2D0E9A6A00B81831 /* CopyFiles */ = {
			isa = PBXCopyFilesBuildPhase;
			buildActionMask = 2147483647;
			dstPath = /usr/share/man/man1/;
			dstSubfolderSpec = 0;
			files = (
			);
			runOnlyForDeploymentPostprocessing = 1;
		};
		B91B25AB2D0E9A8A00B81831 /* CopyFiles */ = {
			isa = PBXCopyFilesBuildPhase;
			buildActionMask = 2147483647;
			dstPath = "";
			dstSubfolderSpec = 7;
			files = (
			);
			runOnlyForDeploymentPostprocessing = 0;
		};
		B91B25B02D1075B400B81831 /* CopyFiles */ = {
			isa = PBXCopyFilesBuildPhase;
			buildActionMask = 2147483647;
			dstPath = /usr/share/man/man1/;
			dstSubfolderSpec = 0;
			files = (
			);
			runOnlyForDeploymentPostprocessing = 1;
		};
		B91B25BA2D1075D300B81831 /* CopyFiles */ = {
			isa = PBXCopyFilesBuildPhase;
			buildActionMask = 2147483647;
			dstPath = "";
			dstSubfolderSpec = 7;
			files = (
			);
			runOnlyForDeploymentPostprocessing = 0;
		};
		B91B267A2D11CEDF00B81831 /* CopyFiles */ = {
			isa = PBXCopyFilesBuildPhase;
			buildActionMask = 2147483647;
			dstPath = /usr/share/man/man1/;
			dstSubfolderSpec = 0;
			files = (
			);
			runOnlyForDeploymentPostprocessing = 1;
		};
		B91B26862D11CEF800B81831 /* CopyFiles */ = {
			isa = PBXCopyFilesBuildPhase;
			buildActionMask = 2147483647;
			dstPath = "";
			dstSubfolderSpec = 7;
			files = (
			);
			runOnlyForDeploymentPostprocessing = 0;
		};
		B91B268B2D1319EA00B81831 /* CopyFiles */ = {
			isa = PBXCopyFilesBuildPhase;
			buildActionMask = 2147483647;
			dstPath = /usr/share/man/man1/;
			dstSubfolderSpec = 0;
			files = (
			);
			runOnlyForDeploymentPostprocessing = 1;
		};
		B91B26952D131A1D00B81831 /* CopyFiles */ = {
			isa = PBXCopyFilesBuildPhase;
			buildActionMask = 2147483647;
			dstPath = "";
			dstSubfolderSpec = 7;
			files = (
			);
			runOnlyForDeploymentPostprocessing = 0;
		};
		B9395A192D0B332E0015573E /* CopyFiles */ = {
			isa = PBXCopyFilesBuildPhase;
			buildActionMask = 2147483647;
			dstPath = /usr/share/man/man1/;
			dstSubfolderSpec = 0;
			files = (
			);
			runOnlyForDeploymentPostprocessing = 1;
		};
		B9395A252D0B33530015573E /* CopyFiles */ = {
			isa = PBXCopyFilesBuildPhase;
			buildActionMask = 2147483647;
			dstPath = "";
			dstSubfolderSpec = 7;
			files = (
			);
			runOnlyForDeploymentPostprocessing = 0;
		};
		B966D7172D016A7300039D2D /* CopyFiles */ = {
			isa = PBXCopyFilesBuildPhase;
			buildActionMask = 2147483647;
			dstPath = /usr/share/man/man1/;
			dstSubfolderSpec = 0;
			files = (
			);
			runOnlyForDeploymentPostprocessing = 1;
		};
		B966D7232D016A8900039D2D /* CopyFiles */ = {
			isa = PBXCopyFilesBuildPhase;
			buildActionMask = 2147483647;
			dstPath = "";
			dstSubfolderSpec = 7;
			files = (
			);
			runOnlyForDeploymentPostprocessing = 0;
		};
		B97C71812D040DC400C8CD0C /* CopyFiles */ = {
			isa = PBXCopyFilesBuildPhase;
			buildActionMask = 2147483647;
			dstPath = /usr/share/man/man1/;
			dstSubfolderSpec = 0;
			files = (
			);
			runOnlyForDeploymentPostprocessing = 1;
		};
		B97C718A2D040DCA00C8CD0C /* CopyFiles */ = {
			isa = PBXCopyFilesBuildPhase;
			buildActionMask = 2147483647;
			dstPath = "";
			dstSubfolderSpec = 7;
			files = (
			);
			runOnlyForDeploymentPostprocessing = 0;
		};
		B9822E922D145C64001C5B42 /* CopyFiles */ = {
			isa = PBXCopyFilesBuildPhase;
			buildActionMask = 2147483647;
			dstPath = /usr/share/man/man1/;
			dstSubfolderSpec = 0;
			files = (
			);
			runOnlyForDeploymentPostprocessing = 1;
		};
		B9822E9E2D145C7A001C5B42 /* CopyFiles */ = {
			isa = PBXCopyFilesBuildPhase;
			buildActionMask = 2147483647;
			dstPath = "";
			dstSubfolderSpec = 7;
			files = (
			);
			runOnlyForDeploymentPostprocessing = 0;
		};
		B9822EA32D15CF7D001C5B42 /* CopyFiles */ = {
			isa = PBXCopyFilesBuildPhase;
			buildActionMask = 2147483647;
			dstPath = /usr/share/man/man1/;
			dstSubfolderSpec = 0;
			files = (
			);
			runOnlyForDeploymentPostprocessing = 1;
		};
		B9822EAD2D15D283001C5B42 /* CopyFiles */ = {
			isa = PBXCopyFilesBuildPhase;
			buildActionMask = 2147483647;
			dstPath = "";
			dstSubfolderSpec = 7;
			files = (
			);
			runOnlyForDeploymentPostprocessing = 0;
		};
		B99876092D055F1000C2ABE1 /* CopyFiles */ = {
			isa = PBXCopyFilesBuildPhase;
			buildActionMask = 2147483647;
			dstPath = /usr/share/man/man1/;
			dstSubfolderSpec = 0;
			files = (
			);
			runOnlyForDeploymentPostprocessing = 1;
		};
		B99876142D055F3A00C2ABE1 /* CopyFiles */ = {
			isa = PBXCopyFilesBuildPhase;
			buildActionMask = 2147483647;
			dstPath = "";
			dstSubfolderSpec = 7;
			files = (
			);
			runOnlyForDeploymentPostprocessing = 0;
		};
		B998761A2D073C4500C2ABE1 /* CopyFiles */ = {
			isa = PBXCopyFilesBuildPhase;
			buildActionMask = 2147483647;
			dstPath = /usr/share/man/man1/;
			dstSubfolderSpec = 0;
			files = (
			);
			runOnlyForDeploymentPostprocessing = 1;
		};
		B99876262D073C6300C2ABE1 /* CopyFiles */ = {
			isa = PBXCopyFilesBuildPhase;
			buildActionMask = 2147483647;
			dstPath = "";
			dstSubfolderSpec = 7;
			files = (
			);
			runOnlyForDeploymentPostprocessing = 0;
		};
		B99876592D08FB3900C2ABE1 /* CopyFiles */ = {
			isa = PBXCopyFilesBuildPhase;
			buildActionMask = 2147483647;
			dstPath = /usr/share/man/man1/;
			dstSubfolderSpec = 0;
			files = (
			);
			runOnlyForDeploymentPostprocessing = 1;
		};
		B99876652D08FB6B00C2ABE1 /* CopyFiles */ = {
			isa = PBXCopyFilesBuildPhase;
			buildActionMask = 2147483647;
			dstPath = "";
			dstSubfolderSpec = 7;
			files = (
			);
			runOnlyForDeploymentPostprocessing = 0;
		};
		B998766B2D09DE7A00C2ABE1 /* CopyFiles */ = {
			isa = PBXCopyFilesBuildPhase;
			buildActionMask = 2147483647;
			dstPath = /usr/share/man/man1/;
			dstSubfolderSpec = 0;
			files = (
			);
			runOnlyForDeploymentPostprocessing = 1;
		};
		B99876752D09DE9A00C2ABE1 /* CopyFiles */ = {
			isa = PBXCopyFilesBuildPhase;
			buildActionMask = 2147483647;
			dstPath = "";
			dstSubfolderSpec = 7;
			files = (
			);
			runOnlyForDeploymentPostprocessing = 0;
		};
		B9994F102CFEC7AF00B62C24 /* CopyFiles */ = {
			isa = PBXCopyFilesBuildPhase;
			buildActionMask = 2147483647;
			dstPath = /usr/share/man/man1/;
			dstSubfolderSpec = 0;
			files = (
			);
			runOnlyForDeploymentPostprocessing = 1;
		};
		B9994F1C2CFEC7E500B62C24 /* CopyFiles */ = {
			isa = PBXCopyFilesBuildPhase;
			buildActionMask = 2147483647;
			dstPath = "";
			dstSubfolderSpec = 7;
			files = (
			);
			runOnlyForDeploymentPostprocessing = 0;
		};
		B9BAA4C82D02BC3B00E3988F /* CopyFiles */ = {
			isa = PBXCopyFilesBuildPhase;
			buildActionMask = 2147483647;
			dstPath = /usr/share/man/man1/;
			dstSubfolderSpec = 0;
			files = (
			);
			runOnlyForDeploymentPostprocessing = 1;
		};
		B9BAA4D32D02BC5400E3988F /* CopyFiles */ = {
			isa = PBXCopyFilesBuildPhase;
			buildActionMask = 2147483647;
			dstPath = "";
			dstSubfolderSpec = 7;
			files = (
			);
			runOnlyForDeploymentPostprocessing = 0;
		};
		B9BFE89C2D0C87870064FB19 /* CopyFiles */ = {
			isa = PBXCopyFilesBuildPhase;
			buildActionMask = 2147483647;
			dstPath = /usr/share/man/man1/;
			dstSubfolderSpec = 0;
			files = (
			);
			runOnlyForDeploymentPostprocessing = 1;
		};
		B9BFE8A52D0C87950064FB19 /* CopyFiles */ = {
			isa = PBXCopyFilesBuildPhase;
			buildActionMask = 2147483647;
			dstPath = "";
			dstSubfolderSpec = 7;
			files = (
			);
			runOnlyForDeploymentPostprocessing = 0;
		};
		B9CDA95E2CFCB27900D67D9C /* CopyFiles */ = {
			isa = PBXCopyFilesBuildPhase;
			buildActionMask = 2147483647;
			dstPath = /usr/share/man/man1/;
			dstSubfolderSpec = 0;
			files = (
			);
			runOnlyForDeploymentPostprocessing = 1;
		};
		B9CDA96B2CFCB2FD00D67D9C /* CopyFiles */ = {
			isa = PBXCopyFilesBuildPhase;
			buildActionMask = 2147483647;
			dstPath = "";
			dstSubfolderSpec = 7;
			files = (
			);
			runOnlyForDeploymentPostprocessing = 0;
		};
		B9CDA9702CFD7B9F00D67D9C /* CopyFiles */ = {
			isa = PBXCopyFilesBuildPhase;
			buildActionMask = 2147483647;
			dstPath = /usr/share/man/man1/;
			dstSubfolderSpec = 0;
			files = (
			);
			runOnlyForDeploymentPostprocessing = 1;
		};
		B9CDA97A2CFD7BB300D67D9C /* CopyFiles */ = {
			isa = PBXCopyFilesBuildPhase;
			buildActionMask = 2147483647;
			dstPath = "";
			dstSubfolderSpec = 7;
			files = (
			);
			runOnlyForDeploymentPostprocessing = 0;
		};
		B9E1AC442CFFB61D00DA3DE7 /* CopyFiles */ = {
			isa = PBXCopyFilesBuildPhase;
			buildActionMask = 2147483647;
			dstPath = /usr/share/man/man1/;
			dstSubfolderSpec = 0;
			files = (
			);
			runOnlyForDeploymentPostprocessing = 1;
		};
		B9E1AC4E2CFFB64D00DA3DE7 /* CopyFiles */ = {
			isa = PBXCopyFilesBuildPhase;
			buildActionMask = 2147483647;
			dstPath = "";
			dstSubfolderSpec = 7;
			files = (
			);
			runOnlyForDeploymentPostprocessing = 0;
		};
/* End PBXCopyFilesBuildPhase section */

/* Begin PBXFileReference section */
		B91B25902D0D480B00B81831 /* Day 14 */ = {isa = PBXFileReference; explicitFileType = "compiled.mach-o.executable"; includeInIndex = 0; path = "Day 14"; sourceTree = BUILT_PRODUCTS_DIR; };
		B91B25A12D0E9A6A00B81831 /* Day 15 */ = {isa = PBXFileReference; explicitFileType = "compiled.mach-o.executable"; includeInIndex = 0; path = "Day 15"; sourceTree = BUILT_PRODUCTS_DIR; };
		B91B25B22D1075B400B81831 /* Day 16 */ = {isa = PBXFileReference; explicitFileType = "compiled.mach-o.executable"; includeInIndex = 0; path = "Day 16"; sourceTree = BUILT_PRODUCTS_DIR; };
		B91B267C2D11CEDF00B81831 /* Day 17 */ = {isa = PBXFileReference; explicitFileType = "compiled.mach-o.executable"; includeInIndex = 0; path = "Day 17"; sourceTree = BUILT_PRODUCTS_DIR; };
		B91B268D2D1319EA00B81831 /* Day 18 */ = {isa = PBXFileReference; explicitFileType = "compiled.mach-o.executable"; includeInIndex = 0; path = "Day 18"; sourceTree = BUILT_PRODUCTS_DIR; };
		B9395A1B2D0B332E0015573E /* Day 12 */ = {isa = PBXFileReference; explicitFileType = "compiled.mach-o.executable"; includeInIndex = 0; path = "Day 12"; sourceTree = BUILT_PRODUCTS_DIR; };
		B966D7192D016A7300039D2D /* Day 05 */ = {isa = PBXFileReference; explicitFileType = "compiled.mach-o.executable"; includeInIndex = 0; path = "Day 05"; sourceTree = BUILT_PRODUCTS_DIR; };
		B97C71832D040DC400C8CD0C /* Day 07 */ = {isa = PBXFileReference; explicitFileType = "compiled.mach-o.executable"; includeInIndex = 0; path = "Day 07"; sourceTree = BUILT_PRODUCTS_DIR; };
		B9822E942D145C64001C5B42 /* Day 19 */ = {isa = PBXFileReference; explicitFileType = "compiled.mach-o.executable"; includeInIndex = 0; path = "Day 19"; sourceTree = BUILT_PRODUCTS_DIR; };
		B9822EA52D15CF7D001C5B42 /* Day 20 */ = {isa = PBXFileReference; explicitFileType = "compiled.mach-o.executable"; includeInIndex = 0; path = "Day 20"; sourceTree = BUILT_PRODUCTS_DIR; };
		B998760B2D055F1000C2ABE1 /* Day 08 */ = {isa = PBXFileReference; explicitFileType = "compiled.mach-o.executable"; includeInIndex = 0; path = "Day 08"; sourceTree = BUILT_PRODUCTS_DIR; };
		B998761C2D073C4500C2ABE1 /* Day 09 */ = {isa = PBXFileReference; explicitFileType = "compiled.mach-o.executable"; includeInIndex = 0; path = "Day 09"; sourceTree = BUILT_PRODUCTS_DIR; };
		B998765B2D08FB3900C2ABE1 /* Day 10 */ = {isa = PBXFileReference; explicitFileType = "compiled.mach-o.executable"; includeInIndex = 0; path = "Day 10"; sourceTree = BUILT_PRODUCTS_DIR; };
		B998766D2D09DE7A00C2ABE1 /* Day 11 */ = {isa = PBXFileReference; explicitFileType = "compiled.mach-o.executable"; includeInIndex = 0; path = "Day 11"; sourceTree = BUILT_PRODUCTS_DIR; };
		B9994F122CFEC7AF00B62C24 /* Day 03 */ = {isa = PBXFileReference; explicitFileType = "compiled.mach-o.executable"; includeInIndex = 0; path = "Day 03"; sourceTree = BUILT_PRODUCTS_DIR; };
		B9BAA4CA2D02BC3B00E3988F /* Day 06 */ = {isa = PBXFileReference; explicitFileType = "compiled.mach-o.executable"; includeInIndex = 0; path = "Day 06"; sourceTree = BUILT_PRODUCTS_DIR; };
		B9BFE89E2D0C87870064FB19 /* Day 13 */ = {isa = PBXFileReference; explicitFileType = "compiled.mach-o.executable"; includeInIndex = 0; path = "Day 13"; sourceTree = BUILT_PRODUCTS_DIR; };
		B9CDA9602CFCB27900D67D9C /* Day 01 */ = {isa = PBXFileReference; explicitFileType = "compiled.mach-o.executable"; includeInIndex = 0; path = "Day 01"; sourceTree = BUILT_PRODUCTS_DIR; };
		B9CDA9722CFD7B9F00D67D9C /* Day 02 */ = {isa = PBXFileReference; explicitFileType = "compiled.mach-o.executable"; includeInIndex = 0; path = "Day 02"; sourceTree = BUILT_PRODUCTS_DIR; };
		B9E1AC462CFFB61D00DA3DE7 /* Day 04 */ = {isa = PBXFileReference; explicitFileType = "compiled.mach-o.executable"; includeInIndex = 0; path = "Day 04"; sourceTree = BUILT_PRODUCTS_DIR; };
/* End PBXFileReference section */

/* Begin PBXFileSystemSynchronizedGroupBuildPhaseMembershipExceptionSet section */
		B91B259C2D0D485B00B81831 /* Exceptions for "Day 14" folder in "Copy Files" phase from "Day 14" target */ = {
			isa = PBXFileSystemSynchronizedGroupBuildPhaseMembershipExceptionSet;
			buildPhase = B91B25992D0D483F00B81831 /* CopyFiles */;
			membershipExceptions = (
				input.txt,
			);
		};
		B91B25AD2D0E9A8C00B81831 /* Exceptions for "Day 15" folder in "Copy Files" phase from "Day 15" target */ = {
			isa = PBXFileSystemSynchronizedGroupBuildPhaseMembershipExceptionSet;
			buildPhase = B91B25AB2D0E9A8A00B81831 /* CopyFiles */;
			membershipExceptions = (
				input.txt,
			);
		};
		B91B25BC2D1075D500B81831 /* Exceptions for "Day 16" folder in "Copy Files" phase from "Day 16" target */ = {
			isa = PBXFileSystemSynchronizedGroupBuildPhaseMembershipExceptionSet;
			buildPhase = B91B25BA2D1075D300B81831 /* CopyFiles */;
			membershipExceptions = (
				input.txt,
			);
		};
		B91B26882D11CEFA00B81831 /* Exceptions for "Day 17" folder in "Copy Files" phase from "Day 17" target */ = {
			isa = PBXFileSystemSynchronizedGroupBuildPhaseMembershipExceptionSet;
			buildPhase = B91B26862D11CEF800B81831 /* CopyFiles */;
			membershipExceptions = (
				input.txt,
			);
		};
		B91B26972D131A2000B81831 /* Exceptions for "Day 18" folder in "Copy Files" phase from "Day 18" target */ = {
			isa = PBXFileSystemSynchronizedGroupBuildPhaseMembershipExceptionSet;
			buildPhase = B91B26952D131A1D00B81831 /* CopyFiles */;
			membershipExceptions = (
				input.txt,
			);
		};
		B9395A272D0B33550015573E /* Exceptions for "Day 12" folder in "Copy Files" phase from "Day 12" target */ = {
			isa = PBXFileSystemSynchronizedGroupBuildPhaseMembershipExceptionSet;
			buildPhase = B9395A252D0B33530015573E /* CopyFiles */;
			membershipExceptions = (
				input.txt,
			);
		};
		B966D7252D016A8F00039D2D /* Exceptions for "Day 05" folder in "Copy Files" phase from "Day 05" target */ = {
			isa = PBXFileSystemSynchronizedGroupBuildPhaseMembershipExceptionSet;
			buildPhase = B966D7232D016A8900039D2D /* CopyFiles */;
			membershipExceptions = (
				input.txt,
			);
		};
		B97C718F2D040DE600C8CD0C /* Exceptions for "Day 07" folder in "Copy Files" phase from "Day 07" target */ = {
			isa = PBXFileSystemSynchronizedGroupBuildPhaseMembershipExceptionSet;
			buildPhase = B97C718A2D040DCA00C8CD0C /* CopyFiles */;
			membershipExceptions = (
				input.txt,
			);
		};
		B9822EA02D145C7B001C5B42 /* Exceptions for "Day 19" folder in "Copy Files" phase from "Day 19" target */ = {
			isa = PBXFileSystemSynchronizedGroupBuildPhaseMembershipExceptionSet;
			buildPhase = B9822E9E2D145C7A001C5B42 /* CopyFiles */;
			membershipExceptions = (
				input.txt,
			);
		};
		B9822EAF2D15D285001C5B42 /* Exceptions for "Day 20" folder in "Copy Files" phase from "Day 20" target */ = {
			isa = PBXFileSystemSynchronizedGroupBuildPhaseMembershipExceptionSet;
			buildPhase = B9822EAD2D15D283001C5B42 /* CopyFiles */;
			membershipExceptions = (
				input.txt,
			);
		};
		B99876172D055F5E00C2ABE1 /* Exceptions for "Day 08" folder in "Copy Files" phase from "Day 08" target */ = {
			isa = PBXFileSystemSynchronizedGroupBuildPhaseMembershipExceptionSet;
			buildPhase = B99876142D055F3A00C2ABE1 /* CopyFiles */;
			membershipExceptions = (
				input.txt,
			);
		};
		B99876282D073C6600C2ABE1 /* Exceptions for "Day 09" folder in "Copy Files" phase from "Day 09" target */ = {
			isa = PBXFileSystemSynchronizedGroupBuildPhaseMembershipExceptionSet;
			buildPhase = B99876262D073C6300C2ABE1 /* CopyFiles */;
			membershipExceptions = (
				input.txt,
			);
		};
		B99876672D08FB6D00C2ABE1 /* Exceptions for "Day 10" folder in "Copy Files" phase from "Day 10" target */ = {
			isa = PBXFileSystemSynchronizedGroupBuildPhaseMembershipExceptionSet;
			buildPhase = B99876652D08FB6B00C2ABE1 /* CopyFiles */;
			membershipExceptions = (
				input.txt,
			);
		};
		B99876772D09DE9C00C2ABE1 /* Exceptions for "Day 11" folder in "Copy Files" phase from "Day 11" target */ = {
			isa = PBXFileSystemSynchronizedGroupBuildPhaseMembershipExceptionSet;
			buildPhase = B99876752D09DE9A00C2ABE1 /* CopyFiles */;
			membershipExceptions = (
				input.txt,
			);
		};
		B9994F1E2CFEC7E900B62C24 /* Exceptions for "Day 03" folder in "Copy Files" phase from "Day 03" target */ = {
			isa = PBXFileSystemSynchronizedGroupBuildPhaseMembershipExceptionSet;
			buildPhase = B9994F1C2CFEC7E500B62C24 /* CopyFiles */;
			membershipExceptions = (
				input.txt,
			);
		};
		B9BAA4D62D02BC6400E3988F /* Exceptions for "Day 06" folder in "Copy Files" phase from "Day 06" target */ = {
			isa = PBXFileSystemSynchronizedGroupBuildPhaseMembershipExceptionSet;
			buildPhase = B9BAA4D32D02BC5400E3988F /* CopyFiles */;
			membershipExceptions = (
				input.txt,
			);
		};
		B9BFE8AA2D0C87B20064FB19 /* Exceptions for "Day 13" folder in "Copy Files" phase from "Day 13" target */ = {
			isa = PBXFileSystemSynchronizedGroupBuildPhaseMembershipExceptionSet;
			buildPhase = B9BFE8A52D0C87950064FB19 /* CopyFiles */;
			membershipExceptions = (
				input.txt,
			);
		};
		B9CDA96D2CFCB30100D67D9C /* Exceptions for "Day 01" folder in "Copy Files" phase from "Day 01" target */ = {
			isa = PBXFileSystemSynchronizedGroupBuildPhaseMembershipExceptionSet;
			buildPhase = B9CDA96B2CFCB2FD00D67D9C /* CopyFiles */;
			membershipExceptions = (
				input.txt,
			);
		};
		B9CDA97C2CFD7BB700D67D9C /* Exceptions for "Day 02" folder in "Copy Files" phase from "Day 02" target */ = {
			isa = PBXFileSystemSynchronizedGroupBuildPhaseMembershipExceptionSet;
			buildPhase = B9CDA97A2CFD7BB300D67D9C /* CopyFiles */;
			membershipExceptions = (
				input.txt,
			);
		};
		B9E1AC502CFFB65200DA3DE7 /* Exceptions for "Day 04" folder in "Copy Files" phase from "Day 04" target */ = {
			isa = PBXFileSystemSynchronizedGroupBuildPhaseMembershipExceptionSet;
			buildPhase = B9E1AC4E2CFFB64D00DA3DE7 /* CopyFiles */;
			membershipExceptions = (
				input.txt,
			);
		};
/* End PBXFileSystemSynchronizedGroupBuildPhaseMembershipExceptionSet section */

/* Begin PBXFileSystemSynchronizedRootGroup section */
		B91B25912D0D480B00B81831 /* Day 14 */ = {
			isa = PBXFileSystemSynchronizedRootGroup;
			exceptions = (
				B91B259C2D0D485B00B81831 /* Exceptions for "Day 14" folder in "Copy Files" phase from "Day 14" target */,
			);
			path = "Day 14";
			sourceTree = "<group>";
		};
		B91B25A22D0E9A6A00B81831 /* Day 15 */ = {
			isa = PBXFileSystemSynchronizedRootGroup;
			exceptions = (
				B91B25AD2D0E9A8C00B81831 /* Exceptions for "Day 15" folder in "Copy Files" phase from "Day 15" target */,
			);
			path = "Day 15";
			sourceTree = "<group>";
		};
		B91B25B32D1075B400B81831 /* Day 16 */ = {
			isa = PBXFileSystemSynchronizedRootGroup;
			exceptions = (
				B91B25BC2D1075D500B81831 /* Exceptions for "Day 16" folder in "Copy Files" phase from "Day 16" target */,
			);
			path = "Day 16";
			sourceTree = "<group>";
		};
		B91B267D2D11CEDF00B81831 /* Day 17 */ = {
			isa = PBXFileSystemSynchronizedRootGroup;
			exceptions = (
				B91B26882D11CEFA00B81831 /* Exceptions for "Day 17" folder in "Copy Files" phase from "Day 17" target */,
			);
			path = "Day 17";
			sourceTree = "<group>";
		};
		B91B268E2D1319EA00B81831 /* Day 18 */ = {
			isa = PBXFileSystemSynchronizedRootGroup;
			exceptions = (
				B91B26972D131A2000B81831 /* Exceptions for "Day 18" folder in "Copy Files" phase from "Day 18" target */,
			);
			path = "Day 18";
			sourceTree = "<group>";
		};
		B9395A1C2D0B332E0015573E /* Day 12 */ = {
			isa = PBXFileSystemSynchronizedRootGroup;
			exceptions = (
				B9395A272D0B33550015573E /* Exceptions for "Day 12" folder in "Copy Files" phase from "Day 12" target */,
			);
			path = "Day 12";
			sourceTree = "<group>";
		};
		B966D71A2D016A7300039D2D /* Day 05 */ = {
			isa = PBXFileSystemSynchronizedRootGroup;
			exceptions = (
				B966D7252D016A8F00039D2D /* Exceptions for "Day 05" folder in "Copy Files" phase from "Day 05" target */,
			);
			path = "Day 05";
			sourceTree = "<group>";
		};
		B97C71842D040DC400C8CD0C /* Day 07 */ = {
			isa = PBXFileSystemSynchronizedRootGroup;
			exceptions = (
				B97C718F2D040DE600C8CD0C /* Exceptions for "Day 07" folder in "Copy Files" phase from "Day 07" target */,
			);
			path = "Day 07";
			sourceTree = "<group>";
		};
		B9822E952D145C64001C5B42 /* Day 19 */ = {
			isa = PBXFileSystemSynchronizedRootGroup;
			exceptions = (
				B9822EA02D145C7B001C5B42 /* Exceptions for "Day 19" folder in "Copy Files" phase from "Day 19" target */,
			);
			path = "Day 19";
			sourceTree = "<group>";
		};
		B9822EA62D15CF7D001C5B42 /* Day 20 */ = {
			isa = PBXFileSystemSynchronizedRootGroup;
			exceptions = (
				B9822EAF2D15D285001C5B42 /* Exceptions for "Day 20" folder in "Copy Files" phase from "Day 20" target */,
			);
			path = "Day 20";
			sourceTree = "<group>";
		};
		B998760C2D055F1000C2ABE1 /* Day 08 */ = {
			isa = PBXFileSystemSynchronizedRootGroup;
			exceptions = (
				B99876172D055F5E00C2ABE1 /* Exceptions for "Day 08" folder in "Copy Files" phase from "Day 08" target */,
			);
			path = "Day 08";
			sourceTree = "<group>";
		};
		B998761D2D073C4500C2ABE1 /* Day 09 */ = {
			isa = PBXFileSystemSynchronizedRootGroup;
			exceptions = (
				B99876282D073C6600C2ABE1 /* Exceptions for "Day 09" folder in "Copy Files" phase from "Day 09" target */,
			);
			path = "Day 09";
			sourceTree = "<group>";
		};
		B998765C2D08FB3900C2ABE1 /* Day 10 */ = {
			isa = PBXFileSystemSynchronizedRootGroup;
			exceptions = (
				B99876672D08FB6D00C2ABE1 /* Exceptions for "Day 10" folder in "Copy Files" phase from "Day 10" target */,
			);
			path = "Day 10";
			sourceTree = "<group>";
		};
		B998766E2D09DE7A00C2ABE1 /* Day 11 */ = {
			isa = PBXFileSystemSynchronizedRootGroup;
			exceptions = (
				B99876772D09DE9C00C2ABE1 /* Exceptions for "Day 11" folder in "Copy Files" phase from "Day 11" target */,
			);
			path = "Day 11";
			sourceTree = "<group>";
		};
		B9994F132CFEC7B000B62C24 /* Day 03 */ = {
			isa = PBXFileSystemSynchronizedRootGroup;
			exceptions = (
				B9994F1E2CFEC7E900B62C24 /* Exceptions for "Day 03" folder in "Copy Files" phase from "Day 03" target */,
			);
			path = "Day 03";
			sourceTree = "<group>";
		};
		B9BAA4CB2D02BC3B00E3988F /* Day 06 */ = {
			isa = PBXFileSystemSynchronizedRootGroup;
			exceptions = (
				B9BAA4D62D02BC6400E3988F /* Exceptions for "Day 06" folder in "Copy Files" phase from "Day 06" target */,
			);
			path = "Day 06";
			sourceTree = "<group>";
		};
		B9BFE89F2D0C87870064FB19 /* Day 13 */ = {
			isa = PBXFileSystemSynchronizedRootGroup;
			exceptions = (
				B9BFE8AA2D0C87B20064FB19 /* Exceptions for "Day 13" folder in "Copy Files" phase from "Day 13" target */,
			);
			path = "Day 13";
			sourceTree = "<group>";
		};
		B9CDA9612CFCB27900D67D9C /* Day 01 */ = {
			isa = PBXFileSystemSynchronizedRootGroup;
			exceptions = (
				B9CDA96D2CFCB30100D67D9C /* Exceptions for "Day 01" folder in "Copy Files" phase from "Day 01" target */,
			);
			path = "Day 01";
			sourceTree = "<group>";
		};
		B9CDA9732CFD7B9F00D67D9C /* Day 02 */ = {
			isa = PBXFileSystemSynchronizedRootGroup;
			exceptions = (
				B9CDA97C2CFD7BB700D67D9C /* Exceptions for "Day 02" folder in "Copy Files" phase from "Day 02" target */,
			);
			path = "Day 02";
			sourceTree = "<group>";
		};
		B9E1AC472CFFB61D00DA3DE7 /* Day 04 */ = {
			isa = PBXFileSystemSynchronizedRootGroup;
			exceptions = (
				B9E1AC502CFFB65200DA3DE7 /* Exceptions for "Day 04" folder in "Copy Files" phase from "Day 04" target */,
			);
			path = "Day 04";
			sourceTree = "<group>";
		};
/* End PBXFileSystemSynchronizedRootGroup section */

/* Begin PBXFrameworksBuildPhase section */
		B91B258D2D0D480B00B81831 /* Frameworks */ = {
			isa = PBXFrameworksBuildPhase;
			buildActionMask = 2147483647;
			files = (
				B91B25982D0D483C00B81831 /* AoC-Helpers in Frameworks */,
			);
			runOnlyForDeploymentPostprocessing = 0;
		};
		B91B259E2D0E9A6A00B81831 /* Frameworks */ = {
			isa = PBXFrameworksBuildPhase;
			buildActionMask = 2147483647;
			files = (
				B91B25A92D0E9A7400B81831 /* AoC-Helpers in Frameworks */,
			);
			runOnlyForDeploymentPostprocessing = 0;
		};
		B91B25AF2D1075B400B81831 /* Frameworks */ = {
			isa = PBXFrameworksBuildPhase;
			buildActionMask = 2147483647;
			files = (
				B91B25C12D1076BC00B81831 /* HeapModule in Frameworks */,
				B91B25BE2D1075DA00B81831 /* AoC-Helpers in Frameworks */,
			);
			runOnlyForDeploymentPostprocessing = 0;
		};
		B91B26792D11CEDF00B81831 /* Frameworks */ = {
			isa = PBXFrameworksBuildPhase;
			buildActionMask = 2147483647;
			files = (
				B91B26852D11CEF500B81831 /* AoC-Helpers in Frameworks */,
			);
			runOnlyForDeploymentPostprocessing = 0;
		};
		B91B268A2D1319EA00B81831 /* Frameworks */ = {
			isa = PBXFrameworksBuildPhase;
			buildActionMask = 2147483647;
			files = (
				B91B26992D131A2400B81831 /* AoC-Helpers in Frameworks */,
			);
			runOnlyForDeploymentPostprocessing = 0;
		};
		B9395A182D0B332E0015573E /* Frameworks */ = {
			isa = PBXFrameworksBuildPhase;
			buildActionMask = 2147483647;
			files = (
				B9395A242D0B33500015573E /* AoC-Helpers in Frameworks */,
			);
			runOnlyForDeploymentPostprocessing = 0;
		};
		B966D7162D016A7300039D2D /* Frameworks */ = {
			isa = PBXFrameworksBuildPhase;
			buildActionMask = 2147483647;
			files = (
				B966D7222D016A8700039D2D /* AoC-Helpers in Frameworks */,
			);
			runOnlyForDeploymentPostprocessing = 0;
		};
		B97C71802D040DC400C8CD0C /* Frameworks */ = {
			isa = PBXFrameworksBuildPhase;
			buildActionMask = 2147483647;
			files = (
				B97C718C2D040DD100C8CD0C /* AoC-Helpers in Frameworks */,
			);
			runOnlyForDeploymentPostprocessing = 0;
		};
		B9822E912D145C64001C5B42 /* Frameworks */ = {
			isa = PBXFrameworksBuildPhase;
			buildActionMask = 2147483647;
			files = (
				B9822E9D2D145C77001C5B42 /* AoC-Helpers in Frameworks */,
			);
			runOnlyForDeploymentPostprocessing = 0;
		};
		B9822EA22D15CF7D001C5B42 /* Frameworks */ = {
			isa = PBXFrameworksBuildPhase;
			buildActionMask = 2147483647;
			files = (
				B9822EB12D15D288001C5B42 /* AoC-Helpers in Frameworks */,
			);
			runOnlyForDeploymentPostprocessing = 0;
		};
		B99876082D055F1000C2ABE1 /* Frameworks */ = {
			isa = PBXFrameworksBuildPhase;
			buildActionMask = 2147483647;
			files = (
				B99876132D055F1B00C2ABE1 /* AoC-Helpers in Frameworks */,
			);
			runOnlyForDeploymentPostprocessing = 0;
		};
		B99876192D073C4500C2ABE1 /* Frameworks */ = {
			isa = PBXFrameworksBuildPhase;
			buildActionMask = 2147483647;
			files = (
				B99876252D073C5A00C2ABE1 /* AoC-Helpers in Frameworks */,
			);
			runOnlyForDeploymentPostprocessing = 0;
		};
		B99876582D08FB3900C2ABE1 /* Frameworks */ = {
			isa = PBXFrameworksBuildPhase;
			buildActionMask = 2147483647;
			files = (
				B99876642D08FB6300C2ABE1 /* AoC-Helpers in Frameworks */,
			);
			runOnlyForDeploymentPostprocessing = 0;
		};
		B998766A2D09DE7A00C2ABE1 /* Frameworks */ = {
			isa = PBXFrameworksBuildPhase;
			buildActionMask = 2147483647;
			files = (
				B99876792D09DEA000C2ABE1 /* AoC-Helpers in Frameworks */,
			);
			runOnlyForDeploymentPostprocessing = 0;
		};
		B9994F0F2CFEC7AF00B62C24 /* Frameworks */ = {
			isa = PBXFrameworksBuildPhase;
			buildActionMask = 2147483647;
			files = (
				B9994F1A2CFEC7B400B62C24 /* AoC-Helpers in Frameworks */,
			);
			runOnlyForDeploymentPostprocessing = 0;
		};
		B9BAA4C72D02BC3B00E3988F /* Frameworks */ = {
			isa = PBXFrameworksBuildPhase;
			buildActionMask = 2147483647;
			files = (
				B9BAA4D22D02BC4800E3988F /* AoC-Helpers in Frameworks */,
			);
			runOnlyForDeploymentPostprocessing = 0;
		};
		B9BFE89B2D0C87870064FB19 /* Frameworks */ = {
			isa = PBXFrameworksBuildPhase;
			buildActionMask = 2147483647;
			files = (
				B9BFE8A72D0C87970064FB19 /* AoC-Helpers in Frameworks */,
			);
			runOnlyForDeploymentPostprocessing = 0;
		};
		B9CDA95D2CFCB27900D67D9C /* Frameworks */ = {
			isa = PBXFrameworksBuildPhase;
			buildActionMask = 2147483647;
			files = (
				B9CDA9692CFCB2D700D67D9C /* AoC-Helpers in Frameworks */,
			);
			runOnlyForDeploymentPostprocessing = 0;
		};
		B9CDA96F2CFD7B9F00D67D9C /* Frameworks */ = {
			isa = PBXFrameworksBuildPhase;
			buildActionMask = 2147483647;
			files = (
				B9CDA97F2CFD7BC700D67D9C /* AoC-Helpers in Frameworks */,
			);
			runOnlyForDeploymentPostprocessing = 0;
		};
		B9E1AC432CFFB61D00DA3DE7 /* Frameworks */ = {
			isa = PBXFrameworksBuildPhase;
			buildActionMask = 2147483647;
			files = (
				B9E1AC522CFFB76800DA3DE7 /* AoC-Helpers in Frameworks */,
			);
			runOnlyForDeploymentPostprocessing = 0;
		};
/* End PBXFrameworksBuildPhase section */

/* Begin PBXGroup section */
		B9CDA9492CFCB26200D67D9C = {
			isa = PBXGroup;
			children = (
				B9CDA9612CFCB27900D67D9C /* Day 01 */,
				B9CDA9732CFD7B9F00D67D9C /* Day 02 */,
				B9994F132CFEC7B000B62C24 /* Day 03 */,
				B9E1AC472CFFB61D00DA3DE7 /* Day 04 */,
				B966D71A2D016A7300039D2D /* Day 05 */,
				B9BAA4CB2D02BC3B00E3988F /* Day 06 */,
				B97C71842D040DC400C8CD0C /* Day 07 */,
				B998760C2D055F1000C2ABE1 /* Day 08 */,
				B998761D2D073C4500C2ABE1 /* Day 09 */,
				B998765C2D08FB3900C2ABE1 /* Day 10 */,
				B998766E2D09DE7A00C2ABE1 /* Day 11 */,
				B9395A1C2D0B332E0015573E /* Day 12 */,
				B9BFE89F2D0C87870064FB19 /* Day 13 */,
				B91B25912D0D480B00B81831 /* Day 14 */,
				B91B25A22D0E9A6A00B81831 /* Day 15 */,
				B91B25B32D1075B400B81831 /* Day 16 */,
				B91B267D2D11CEDF00B81831 /* Day 17 */,
				B91B268E2D1319EA00B81831 /* Day 18 */,
				B9822E952D145C64001C5B42 /* Day 19 */,
				B9822EA62D15CF7D001C5B42 /* Day 20 */,
				B9CDA97D2CFD7BC700D67D9C /* Frameworks */,
				B9CDA9532CFCB26200D67D9C /* Products */,
			);
			sourceTree = "<group>";
			usesTabs = 1;
		};
		B9CDA9532CFCB26200D67D9C /* Products */ = {
			isa = PBXGroup;
			children = (
				B9CDA9602CFCB27900D67D9C /* Day 01 */,
				B9CDA9722CFD7B9F00D67D9C /* Day 02 */,
				B9994F122CFEC7AF00B62C24 /* Day 03 */,
				B9E1AC462CFFB61D00DA3DE7 /* Day 04 */,
				B966D7192D016A7300039D2D /* Day 05 */,
				B9BAA4CA2D02BC3B00E3988F /* Day 06 */,
				B97C71832D040DC400C8CD0C /* Day 07 */,
				B998760B2D055F1000C2ABE1 /* Day 08 */,
				B998761C2D073C4500C2ABE1 /* Day 09 */,
				B998765B2D08FB3900C2ABE1 /* Day 10 */,
				B998766D2D09DE7A00C2ABE1 /* Day 11 */,
				B9395A1B2D0B332E0015573E /* Day 12 */,
				B9BFE89E2D0C87870064FB19 /* Day 13 */,
				B91B25902D0D480B00B81831 /* Day 14 */,
				B91B25A12D0E9A6A00B81831 /* Day 15 */,
				B91B25B22D1075B400B81831 /* Day 16 */,
				B91B267C2D11CEDF00B81831 /* Day 17 */,
				B91B268D2D1319EA00B81831 /* Day 18 */,
				B9822E942D145C64001C5B42 /* Day 19 */,
				B9822EA52D15CF7D001C5B42 /* Day 20 */,
			);
			name = Products;
			sourceTree = "<group>";
		};
		B9CDA97D2CFD7BC700D67D9C /* Frameworks */ = {
			isa = PBXGroup;
			children = (
			);
			name = Frameworks;
			sourceTree = "<group>";
		};
/* End PBXGroup section */

/* Begin PBXNativeTarget section */
		B91B258F2D0D480B00B81831 /* Day 14 */ = {
			isa = PBXNativeTarget;
			buildConfigurationList = B91B25962D0D480B00B81831 /* Build configuration list for PBXNativeTarget "Day 14" */;
			buildPhases = (
				B91B258C2D0D480B00B81831 /* Sources */,
				B91B258D2D0D480B00B81831 /* Frameworks */,
				B91B258E2D0D480B00B81831 /* CopyFiles */,
				B91B25992D0D483F00B81831 /* CopyFiles */,
			);
			buildRules = (
			);
			dependencies = (
			);
			fileSystemSynchronizedGroups = (
				B91B25912D0D480B00B81831 /* Day 14 */,
			);
			name = "Day 14";
			packageProductDependencies = (
				B91B25972D0D483C00B81831 /* AoC-Helpers */,
			);
			productName = "Day 14";
			productReference = B91B25902D0D480B00B81831 /* Day 14 */;
			productType = "com.apple.product-type.tool";
		};
		B91B25A02D0E9A6A00B81831 /* Day 15 */ = {
			isa = PBXNativeTarget;
			buildConfigurationList = B91B25A52D0E9A6A00B81831 /* Build configuration list for PBXNativeTarget "Day 15" */;
			buildPhases = (
				B91B259D2D0E9A6A00B81831 /* Sources */,
				B91B259E2D0E9A6A00B81831 /* Frameworks */,
				B91B259F2D0E9A6A00B81831 /* CopyFiles */,
				B91B25AB2D0E9A8A00B81831 /* CopyFiles */,
			);
			buildRules = (
			);
			dependencies = (
			);
			fileSystemSynchronizedGroups = (
				B91B25A22D0E9A6A00B81831 /* Day 15 */,
			);
			name = "Day 15";
			packageProductDependencies = (
				B91B25A82D0E9A7400B81831 /* AoC-Helpers */,
			);
			productName = "Day 15";
			productReference = B91B25A12D0E9A6A00B81831 /* Day 15 */;
			productType = "com.apple.product-type.tool";
		};
		B91B25B12D1075B400B81831 /* Day 16 */ = {
			isa = PBXNativeTarget;
			buildConfigurationList = B91B25B62D1075B400B81831 /* Build configuration list for PBXNativeTarget "Day 16" */;
			buildPhases = (
				B91B25AE2D1075B400B81831 /* Sources */,
				B91B25AF2D1075B400B81831 /* Frameworks */,
				B91B25B02D1075B400B81831 /* CopyFiles */,
				B91B25BA2D1075D300B81831 /* CopyFiles */,
			);
			buildRules = (
			);
			dependencies = (
			);
			fileSystemSynchronizedGroups = (
				B91B25B32D1075B400B81831 /* Day 16 */,
			);
			name = "Day 16";
			packageProductDependencies = (
				B91B25BD2D1075DA00B81831 /* AoC-Helpers */,
				B91B25C02D1076BC00B81831 /* HeapModule */,
			);
			productName = "Day 16";
			productReference = B91B25B22D1075B400B81831 /* Day 16 */;
			productType = "com.apple.product-type.tool";
		};
		B91B267B2D11CEDF00B81831 /* Day 17 */ = {
			isa = PBXNativeTarget;
			buildConfigurationList = B91B26822D11CEDF00B81831 /* Build configuration list for PBXNativeTarget "Day 17" */;
			buildPhases = (
				B91B26782D11CEDF00B81831 /* Sources */,
				B91B26792D11CEDF00B81831 /* Frameworks */,
				B91B267A2D11CEDF00B81831 /* CopyFiles */,
				B91B26862D11CEF800B81831 /* CopyFiles */,
			);
			buildRules = (
			);
			dependencies = (
			);
			fileSystemSynchronizedGroups = (
				B91B267D2D11CEDF00B81831 /* Day 17 */,
			);
			name = "Day 17";
			packageProductDependencies = (
				B91B26842D11CEF500B81831 /* AoC-Helpers */,
			);
			productName = "Day 17";
			productReference = B91B267C2D11CEDF00B81831 /* Day 17 */;
			productType = "com.apple.product-type.tool";
		};
		B91B268C2D1319EA00B81831 /* Day 18 */ = {
			isa = PBXNativeTarget;
			buildConfigurationList = B91B26912D1319EA00B81831 /* Build configuration list for PBXNativeTarget "Day 18" */;
			buildPhases = (
				B91B26892D1319EA00B81831 /* Sources */,
				B91B268A2D1319EA00B81831 /* Frameworks */,
				B91B268B2D1319EA00B81831 /* CopyFiles */,
				B91B26952D131A1D00B81831 /* CopyFiles */,
			);
			buildRules = (
			);
			dependencies = (
			);
			fileSystemSynchronizedGroups = (
				B91B268E2D1319EA00B81831 /* Day 18 */,
			);
			name = "Day 18";
			packageProductDependencies = (
				B91B26982D131A2400B81831 /* AoC-Helpers */,
			);
			productName = "Day 18";
			productReference = B91B268D2D1319EA00B81831 /* Day 18 */;
			productType = "com.apple.product-type.tool";
		};
		B9395A1A2D0B332E0015573E /* Day 12 */ = {
			isa = PBXNativeTarget;
			buildConfigurationList = B9395A212D0B332E0015573E /* Build configuration list for PBXNativeTarget "Day 12" */;
			buildPhases = (
				B9395A172D0B332E0015573E /* Sources */,
				B9395A182D0B332E0015573E /* Frameworks */,
				B9395A192D0B332E0015573E /* CopyFiles */,
				B9395A252D0B33530015573E /* CopyFiles */,
			);
			buildRules = (
			);
			dependencies = (
			);
			fileSystemSynchronizedGroups = (
				B9395A1C2D0B332E0015573E /* Day 12 */,
			);
			name = "Day 12";
			packageProductDependencies = (
				B9395A232D0B33500015573E /* AoC-Helpers */,
			);
			productName = "Day 12";
			productReference = B9395A1B2D0B332E0015573E /* Day 12 */;
			productType = "com.apple.product-type.tool";
		};
		B966D7182D016A7300039D2D /* Day 05 */ = {
			isa = PBXNativeTarget;
			buildConfigurationList = B966D71F2D016A7300039D2D /* Build configuration list for PBXNativeTarget "Day 05" */;
			buildPhases = (
				B966D7152D016A7300039D2D /* Sources */,
				B966D7162D016A7300039D2D /* Frameworks */,
				B966D7172D016A7300039D2D /* CopyFiles */,
				B966D7232D016A8900039D2D /* CopyFiles */,
			);
			buildRules = (
			);
			dependencies = (
			);
			fileSystemSynchronizedGroups = (
				B966D71A2D016A7300039D2D /* Day 05 */,
			);
			name = "Day 05";
			packageProductDependencies = (
				B966D7212D016A8700039D2D /* AoC-Helpers */,
			);
			productName = "Day 05";
			productReference = B966D7192D016A7300039D2D /* Day 05 */;
			productType = "com.apple.product-type.tool";
		};
		B97C71822D040DC400C8CD0C /* Day 07 */ = {
			isa = PBXNativeTarget;
			buildConfigurationList = B97C71892D040DC400C8CD0C /* Build configuration list for PBXNativeTarget "Day 07" */;
			buildPhases = (
				B97C717F2D040DC400C8CD0C /* Sources */,
				B97C71802D040DC400C8CD0C /* Frameworks */,
				B97C71812D040DC400C8CD0C /* CopyFiles */,
				B97C718A2D040DCA00C8CD0C /* CopyFiles */,
			);
			buildRules = (
			);
			dependencies = (
			);
			fileSystemSynchronizedGroups = (
				B97C71842D040DC400C8CD0C /* Day 07 */,
			);
			name = "Day 07";
			packageProductDependencies = (
				B97C718B2D040DD100C8CD0C /* AoC-Helpers */,
			);
			productName = "Day 07";
			productReference = B97C71832D040DC400C8CD0C /* Day 07 */;
			productType = "com.apple.product-type.tool";
		};
		B9822E932D145C64001C5B42 /* Day 19 */ = {
			isa = PBXNativeTarget;
			buildConfigurationList = B9822E9A2D145C64001C5B42 /* Build configuration list for PBXNativeTarget "Day 19" */;
			buildPhases = (
				B9822E902D145C64001C5B42 /* Sources */,
				B9822E912D145C64001C5B42 /* Frameworks */,
				B9822E922D145C64001C5B42 /* CopyFiles */,
				B9822E9E2D145C7A001C5B42 /* CopyFiles */,
			);
			buildRules = (
			);
			dependencies = (
			);
			fileSystemSynchronizedGroups = (
				B9822E952D145C64001C5B42 /* Day 19 */,
			);
			name = "Day 19";
			packageProductDependencies = (
				B9822E9C2D145C77001C5B42 /* AoC-Helpers */,
			);
			productName = "Day 19";
			productReference = B9822E942D145C64001C5B42 /* Day 19 */;
			productType = "com.apple.product-type.tool";
		};
		B9822EA42D15CF7D001C5B42 /* Day 20 */ = {
			isa = PBXNativeTarget;
			buildConfigurationList = B9822EA92D15CF7D001C5B42 /* Build configuration list for PBXNativeTarget "Day 20" */;
			buildPhases = (
				B9822EA12D15CF7D001C5B42 /* Sources */,
				B9822EA22D15CF7D001C5B42 /* Frameworks */,
				B9822EA32D15CF7D001C5B42 /* CopyFiles */,
				B9822EAD2D15D283001C5B42 /* CopyFiles */,
			);
			buildRules = (
			);
			dependencies = (
			);
			fileSystemSynchronizedGroups = (
				B9822EA62D15CF7D001C5B42 /* Day 20 */,
			);
			name = "Day 20";
			packageProductDependencies = (
				B9822EB02D15D288001C5B42 /* AoC-Helpers */,
			);
			productName = "Day 20";
			productReference = B9822EA52D15CF7D001C5B42 /* Day 20 */;
			productType = "com.apple.product-type.tool";
		};
		B998760A2D055F1000C2ABE1 /* Day 08 */ = {
			isa = PBXNativeTarget;
			buildConfigurationList = B99876112D055F1000C2ABE1 /* Build configuration list for PBXNativeTarget "Day 08" */;
			buildPhases = (
				B99876072D055F1000C2ABE1 /* Sources */,
				B99876082D055F1000C2ABE1 /* Frameworks */,
				B99876092D055F1000C2ABE1 /* CopyFiles */,
				B99876142D055F3A00C2ABE1 /* CopyFiles */,
			);
			buildRules = (
			);
			dependencies = (
			);
			fileSystemSynchronizedGroups = (
				B998760C2D055F1000C2ABE1 /* Day 08 */,
			);
			name = "Day 08";
			packageProductDependencies = (
				B99876122D055F1B00C2ABE1 /* AoC-Helpers */,
			);
			productName = "Day 08";
			productReference = B998760B2D055F1000C2ABE1 /* Day 08 */;
			productType = "com.apple.product-type.tool";
		};
		B998761B2D073C4500C2ABE1 /* Day 09 */ = {
			isa = PBXNativeTarget;
			buildConfigurationList = B99876202D073C4500C2ABE1 /* Build configuration list for PBXNativeTarget "Day 09" */;
			buildPhases = (
				B99876182D073C4500C2ABE1 /* Sources */,
				B99876192D073C4500C2ABE1 /* Frameworks */,
				B998761A2D073C4500C2ABE1 /* CopyFiles */,
				B99876262D073C6300C2ABE1 /* CopyFiles */,
			);
			buildRules = (
			);
			dependencies = (
			);
			fileSystemSynchronizedGroups = (
				B998761D2D073C4500C2ABE1 /* Day 09 */,
			);
			name = "Day 09";
			packageProductDependencies = (
				B99876242D073C5A00C2ABE1 /* AoC-Helpers */,
			);
			productName = "Day 09";
			productReference = B998761C2D073C4500C2ABE1 /* Day 09 */;
			productType = "com.apple.product-type.tool";
		};
		B998765A2D08FB3900C2ABE1 /* Day 10 */ = {
			isa = PBXNativeTarget;
			buildConfigurationList = B99876612D08FB3900C2ABE1 /* Build configuration list for PBXNativeTarget "Day 10" */;
			buildPhases = (
				B99876572D08FB3900C2ABE1 /* Sources */,
				B99876582D08FB3900C2ABE1 /* Frameworks */,
				B99876592D08FB3900C2ABE1 /* CopyFiles */,
				B99876652D08FB6B00C2ABE1 /* CopyFiles */,
			);
			buildRules = (
			);
			dependencies = (
			);
			fileSystemSynchronizedGroups = (
				B998765C2D08FB3900C2ABE1 /* Day 10 */,
			);
			name = "Day 10";
			packageProductDependencies = (
				B99876632D08FB6300C2ABE1 /* AoC-Helpers */,
			);
			productName = "Day 10";
			productReference = B998765B2D08FB3900C2ABE1 /* Day 10 */;
			productType = "com.apple.product-type.tool";
		};
		B998766C2D09DE7A00C2ABE1 /* Day 11 */ = {
			isa = PBXNativeTarget;
			buildConfigurationList = B99876712D09DE7A00C2ABE1 /* Build configuration list for PBXNativeTarget "Day 11" */;
			buildPhases = (
				B99876692D09DE7A00C2ABE1 /* Sources */,
				B998766A2D09DE7A00C2ABE1 /* Frameworks */,
				B998766B2D09DE7A00C2ABE1 /* CopyFiles */,
				B99876752D09DE9A00C2ABE1 /* CopyFiles */,
			);
			buildRules = (
			);
			dependencies = (
			);
			fileSystemSynchronizedGroups = (
				B998766E2D09DE7A00C2ABE1 /* Day 11 */,
			);
			name = "Day 11";
			packageProductDependencies = (
				B99876782D09DEA000C2ABE1 /* AoC-Helpers */,
			);
			productName = "Day 11";
			productReference = B998766D2D09DE7A00C2ABE1 /* Day 11 */;
			productType = "com.apple.product-type.tool";
		};
		B9994F112CFEC7AF00B62C24 /* Day 03 */ = {
			isa = PBXNativeTarget;
			buildConfigurationList = B9994F182CFEC7B000B62C24 /* Build configuration list for PBXNativeTarget "Day 03" */;
			buildPhases = (
				B9994F0E2CFEC7AF00B62C24 /* Sources */,
				B9994F0F2CFEC7AF00B62C24 /* Frameworks */,
				B9994F102CFEC7AF00B62C24 /* CopyFiles */,
				B9994F1C2CFEC7E500B62C24 /* CopyFiles */,
			);
			buildRules = (
			);
			dependencies = (
			);
			fileSystemSynchronizedGroups = (
				B9994F132CFEC7B000B62C24 /* Day 03 */,
			);
			name = "Day 03";
			packageProductDependencies = (
				B9994F192CFEC7B400B62C24 /* AoC-Helpers */,
			);
			productName = "Day 03";
			productReference = B9994F122CFEC7AF00B62C24 /* Day 03 */;
			productType = "com.apple.product-type.tool";
		};
		B9BAA4C92D02BC3B00E3988F /* Day 06 */ = {
			isa = PBXNativeTarget;
			buildConfigurationList = B9BAA4D02D02BC3B00E3988F /* Build configuration list for PBXNativeTarget "Day 06" */;
			buildPhases = (
				B9BAA4C62D02BC3B00E3988F /* Sources */,
				B9BAA4C72D02BC3B00E3988F /* Frameworks */,
				B9BAA4C82D02BC3B00E3988F /* CopyFiles */,
				B9BAA4D32D02BC5400E3988F /* CopyFiles */,
			);
			buildRules = (
			);
			dependencies = (
			);
			fileSystemSynchronizedGroups = (
				B9BAA4CB2D02BC3B00E3988F /* Day 06 */,
			);
			name = "Day 06";
			packageProductDependencies = (
				B9BAA4D12D02BC4800E3988F /* AoC-Helpers */,
			);
			productName = "Day 06";
			productReference = B9BAA4CA2D02BC3B00E3988F /* Day 06 */;
			productType = "com.apple.product-type.tool";
		};
		B9BFE89D2D0C87870064FB19 /* Day 13 */ = {
			isa = PBXNativeTarget;
			buildConfigurationList = B9BFE8A42D0C87870064FB19 /* Build configuration list for PBXNativeTarget "Day 13" */;
			buildPhases = (
				B9BFE89A2D0C87870064FB19 /* Sources */,
				B9BFE89B2D0C87870064FB19 /* Frameworks */,
				B9BFE89C2D0C87870064FB19 /* CopyFiles */,
				B9BFE8A52D0C87950064FB19 /* CopyFiles */,
			);
			buildRules = (
			);
			dependencies = (
			);
			fileSystemSynchronizedGroups = (
				B9BFE89F2D0C87870064FB19 /* Day 13 */,
			);
			name = "Day 13";
			packageProductDependencies = (
				B9BFE8A62D0C87970064FB19 /* AoC-Helpers */,
			);
			productName = "Day 13";
			productReference = B9BFE89E2D0C87870064FB19 /* Day 13 */;
			productType = "com.apple.product-type.tool";
		};
		B9CDA95F2CFCB27900D67D9C /* Day 01 */ = {
			isa = PBXNativeTarget;
			buildConfigurationList = B9CDA9642CFCB27900D67D9C /* Build configuration list for PBXNativeTarget "Day 01" */;
			buildPhases = (
				B9CDA95C2CFCB27900D67D9C /* Sources */,
				B9CDA95D2CFCB27900D67D9C /* Frameworks */,
				B9CDA95E2CFCB27900D67D9C /* CopyFiles */,
				B9CDA96B2CFCB2FD00D67D9C /* CopyFiles */,
			);
			buildRules = (
			);
			dependencies = (
			);
			fileSystemSynchronizedGroups = (
				B9CDA9612CFCB27900D67D9C /* Day 01 */,
			);
			name = "Day 01";
			packageProductDependencies = (
				B9CDA9682CFCB2D700D67D9C /* AoC-Helpers */,
			);
			productName = "Day 01";
			productReference = B9CDA9602CFCB27900D67D9C /* Day 01 */;
			productType = "com.apple.product-type.tool";
		};
		B9CDA9712CFD7B9F00D67D9C /* Day 02 */ = {
			isa = PBXNativeTarget;
			buildConfigurationList = B9CDA9762CFD7B9F00D67D9C /* Build configuration list for PBXNativeTarget "Day 02" */;
			buildPhases = (
				B9CDA96E2CFD7B9F00D67D9C /* Sources */,
				B9CDA96F2CFD7B9F00D67D9C /* Frameworks */,
				B9CDA9702CFD7B9F00D67D9C /* CopyFiles */,
				B9CDA97A2CFD7BB300D67D9C /* CopyFiles */,
			);
			buildRules = (
			);
			dependencies = (
			);
			fileSystemSynchronizedGroups = (
				B9CDA9732CFD7B9F00D67D9C /* Day 02 */,
			);
			name = "Day 02";
			packageProductDependencies = (
				B9CDA97E2CFD7BC700D67D9C /* AoC-Helpers */,
			);
			productName = "Day 02";
			productReference = B9CDA9722CFD7B9F00D67D9C /* Day 02 */;
			productType = "com.apple.product-type.tool";
		};
		B9E1AC452CFFB61D00DA3DE7 /* Day 04 */ = {
			isa = PBXNativeTarget;
			buildConfigurationList = B9E1AC4C2CFFB61D00DA3DE7 /* Build configuration list for PBXNativeTarget "Day 04" */;
			buildPhases = (
				B9E1AC422CFFB61D00DA3DE7 /* Sources */,
				B9E1AC432CFFB61D00DA3DE7 /* Frameworks */,
				B9E1AC442CFFB61D00DA3DE7 /* CopyFiles */,
				B9E1AC4E2CFFB64D00DA3DE7 /* CopyFiles */,
			);
			buildRules = (
			);
			dependencies = (
			);
			fileSystemSynchronizedGroups = (
				B9E1AC472CFFB61D00DA3DE7 /* Day 04 */,
			);
			name = "Day 04";
			packageProductDependencies = (
				B9E1AC512CFFB76800DA3DE7 /* AoC-Helpers */,
			);
			productName = "Day 04";
			productReference = B9E1AC462CFFB61D00DA3DE7 /* Day 04 */;
			productType = "com.apple.product-type.tool";
		};
/* End PBXNativeTarget section */

/* Begin PBXProject section */
		B9CDA94A2CFCB26200D67D9C /* Project object */ = {
			isa = PBXProject;
			attributes = {
				BuildIndependentTargetsInParallel = 1;
				LastSwiftUpdateCheck = 1700;
				LastUpgradeCheck = 1700;
				TargetAttributes = {
					B91B258F2D0D480B00B81831 = {
						CreatedOnToolsVersion = 17.0;
					};
					B91B25A02D0E9A6A00B81831 = {
						CreatedOnToolsVersion = 17.0;
					};
					B91B25B12D1075B400B81831 = {
						CreatedOnToolsVersion = 17.0;
					};
					B91B267B2D11CEDF00B81831 = {
						CreatedOnToolsVersion = 17.0;
					};
					B91B268C2D1319EA00B81831 = {
						CreatedOnToolsVersion = 17.0;
					};
					B9395A1A2D0B332E0015573E = {
						CreatedOnToolsVersion = 17.0;
					};
					B966D7182D016A7300039D2D = {
						CreatedOnToolsVersion = 17.0;
					};
					B97C71822D040DC400C8CD0C = {
						CreatedOnToolsVersion = 17.0;
					};
					B9822E932D145C64001C5B42 = {
						CreatedOnToolsVersion = 17.0;
					};
					B9822EA42D15CF7D001C5B42 = {
						CreatedOnToolsVersion = 17.0;
					};
					B998760A2D055F1000C2ABE1 = {
						CreatedOnToolsVersion = 17.0;
					};
					B998761B2D073C4500C2ABE1 = {
						CreatedOnToolsVersion = 17.0;
					};
					B998765A2D08FB3900C2ABE1 = {
						CreatedOnToolsVersion = 17.0;
					};
					B998766C2D09DE7A00C2ABE1 = {
						CreatedOnToolsVersion = 17.0;
					};
					B9994F112CFEC7AF00B62C24 = {
						CreatedOnToolsVersion = 17.0;
					};
					B9BAA4C92D02BC3B00E3988F = {
						CreatedOnToolsVersion = 17.0;
					};
					B9BFE89D2D0C87870064FB19 = {
						CreatedOnToolsVersion = 17.0;
					};
					B9CDA95F2CFCB27900D67D9C = {
						CreatedOnToolsVersion = 17.0;
					};
					B9CDA9712CFD7B9F00D67D9C = {
						CreatedOnToolsVersion = 17.0;
					};
					B9E1AC452CFFB61D00DA3DE7 = {
						CreatedOnToolsVersion = 17.0;
					};
				};
			};
			buildConfigurationList = B9CDA94D2CFCB26200D67D9C /* Build configuration list for PBXProject "Advent of Code 2024" */;
			developmentRegion = en;
			hasScannedForEncodings = 0;
			knownRegions = (
				en,
				Base,
			);
			mainGroup = B9CDA9492CFCB26200D67D9C;
			minimizedProjectReferenceProxies = 1;
			packageReferences = (
				B9CDA9672CFCB2D700D67D9C /* XCRemoteSwiftPackageReference "AoC-Helpers" */,
				B91B25BF2D1076B700B81831 /* XCRemoteSwiftPackageReference "swift-collections" */,
			);
			preferredProjectObjectVersion = 77;
			productRefGroup = B9CDA9532CFCB26200D67D9C /* Products */;
			projectDirPath = "";
			projectRoot = "";
			targets = (
				B9CDA95F2CFCB27900D67D9C /* Day 01 */,
				B9CDA9712CFD7B9F00D67D9C /* Day 02 */,
				B9994F112CFEC7AF00B62C24 /* Day 03 */,
				B9E1AC452CFFB61D00DA3DE7 /* Day 04 */,
				B966D7182D016A7300039D2D /* Day 05 */,
				B9BAA4C92D02BC3B00E3988F /* Day 06 */,
				B97C71822D040DC400C8CD0C /* Day 07 */,
				B998760A2D055F1000C2ABE1 /* Day 08 */,
				B998761B2D073C4500C2ABE1 /* Day 09 */,
				B998765A2D08FB3900C2ABE1 /* Day 10 */,
				B998766C2D09DE7A00C2ABE1 /* Day 11 */,
				B9395A1A2D0B332E0015573E /* Day 12 */,
				B9BFE89D2D0C87870064FB19 /* Day 13 */,
				B91B258F2D0D480B00B81831 /* Day 14 */,
				B91B25A02D0E9A6A00B81831 /* Day 15 */,
				B91B25B12D1075B400B81831 /* Day 16 */,
				B91B267B2D11CEDF00B81831 /* Day 17 */,
				B91B268C2D1319EA00B81831 /* Day 18 */,
				B9822E932D145C64001C5B42 /* Day 19 */,
				B9822EA42D15CF7D001C5B42 /* Day 20 */,
			);
		};
/* End PBXProject section */

/* Begin PBXSourcesBuildPhase section */
		B91B258C2D0D480B00B81831 /* Sources */ = {
			isa = PBXSourcesBuildPhase;
			buildActionMask = 2147483647;
			files = (
			);
			runOnlyForDeploymentPostprocessing = 0;
		};
		B91B259D2D0E9A6A00B81831 /* Sources */ = {
			isa = PBXSourcesBuildPhase;
			buildActionMask = 2147483647;
			files = (
			);
			runOnlyForDeploymentPostprocessing = 0;
		};
		B91B25AE2D1075B400B81831 /* Sources */ = {
			isa = PBXSourcesBuildPhase;
			buildActionMask = 2147483647;
			files = (
			);
			runOnlyForDeploymentPostprocessing = 0;
		};
		B91B26782D11CEDF00B81831 /* Sources */ = {
			isa = PBXSourcesBuildPhase;
			buildActionMask = 2147483647;
			files = (
			);
			runOnlyForDeploymentPostprocessing = 0;
		};
		B91B26892D1319EA00B81831 /* Sources */ = {
			isa = PBXSourcesBuildPhase;
			buildActionMask = 2147483647;
			files = (
			);
			runOnlyForDeploymentPostprocessing = 0;
		};
		B9395A172D0B332E0015573E /* Sources */ = {
			isa = PBXSourcesBuildPhase;
			buildActionMask = 2147483647;
			files = (
			);
			runOnlyForDeploymentPostprocessing = 0;
		};
		B966D7152D016A7300039D2D /* Sources */ = {
			isa = PBXSourcesBuildPhase;
			buildActionMask = 2147483647;
			files = (
			);
			runOnlyForDeploymentPostprocessing = 0;
		};
		B97C717F2D040DC400C8CD0C /* Sources */ = {
			isa = PBXSourcesBuildPhase;
			buildActionMask = 2147483647;
			files = (
			);
			runOnlyForDeploymentPostprocessing = 0;
		};
		B9822E902D145C64001C5B42 /* Sources */ = {
			isa = PBXSourcesBuildPhase;
			buildActionMask = 2147483647;
			files = (
			);
			runOnlyForDeploymentPostprocessing = 0;
		};
		B9822EA12D15CF7D001C5B42 /* Sources */ = {
			isa = PBXSourcesBuildPhase;
			buildActionMask = 2147483647;
			files = (
			);
			runOnlyForDeploymentPostprocessing = 0;
		};
		B99876072D055F1000C2ABE1 /* Sources */ = {
			isa = PBXSourcesBuildPhase;
			buildActionMask = 2147483647;
			files = (
			);
			runOnlyForDeploymentPostprocessing = 0;
		};
		B99876182D073C4500C2ABE1 /* Sources */ = {
			isa = PBXSourcesBuildPhase;
			buildActionMask = 2147483647;
			files = (
			);
			runOnlyForDeploymentPostprocessing = 0;
		};
		B99876572D08FB3900C2ABE1 /* Sources */ = {
			isa = PBXSourcesBuildPhase;
			buildActionMask = 2147483647;
			files = (
			);
			runOnlyForDeploymentPostprocessing = 0;
		};
		B99876692D09DE7A00C2ABE1 /* Sources */ = {
			isa = PBXSourcesBuildPhase;
			buildActionMask = 2147483647;
			files = (
			);
			runOnlyForDeploymentPostprocessing = 0;
		};
		B9994F0E2CFEC7AF00B62C24 /* Sources */ = {
			isa = PBXSourcesBuildPhase;
			buildActionMask = 2147483647;
			files = (
			);
			runOnlyForDeploymentPostprocessing = 0;
		};
		B9BAA4C62D02BC3B00E3988F /* Sources */ = {
			isa = PBXSourcesBuildPhase;
			buildActionMask = 2147483647;
			files = (
			);
			runOnlyForDeploymentPostprocessing = 0;
		};
		B9BFE89A2D0C87870064FB19 /* Sources */ = {
			isa = PBXSourcesBuildPhase;
			buildActionMask = 2147483647;
			files = (
			);
			runOnlyForDeploymentPostprocessing = 0;
		};
		B9CDA95C2CFCB27900D67D9C /* Sources */ = {
			isa = PBXSourcesBuildPhase;
			buildActionMask = 2147483647;
			files = (
			);
			runOnlyForDeploymentPostprocessing = 0;
		};
		B9CDA96E2CFD7B9F00D67D9C /* Sources */ = {
			isa = PBXSourcesBuildPhase;
			buildActionMask = 2147483647;
			files = (
			);
			runOnlyForDeploymentPostprocessing = 0;
		};
		B9E1AC422CFFB61D00DA3DE7 /* Sources */ = {
			isa = PBXSourcesBuildPhase;
			buildActionMask = 2147483647;
			files = (
			);
			runOnlyForDeploymentPostprocessing = 0;
		};
/* End PBXSourcesBuildPhase section */

/* Begin XCBuildConfiguration section */
		B91B25942D0D480B00B81831 /* Debug */ = {
			isa = XCBuildConfiguration;
			buildSettings = {
				CODE_SIGN_STYLE = Automatic;
				MACOSX_DEPLOYMENT_TARGET = 15.3;
				PRODUCT_NAME = "$(TARGET_NAME)";
				SWIFT_VERSION = 5.0;
			};
			name = Debug;
		};
		B91B25952D0D480B00B81831 /* Release */ = {
			isa = XCBuildConfiguration;
			buildSettings = {
				CODE_SIGN_STYLE = Automatic;
				MACOSX_DEPLOYMENT_TARGET = 15.3;
				PRODUCT_NAME = "$(TARGET_NAME)";
				SWIFT_VERSION = 5.0;
			};
			name = Release;
		};
		B91B25A62D0E9A6A00B81831 /* Debug */ = {
			isa = XCBuildConfiguration;
			buildSettings = {
				CODE_SIGN_STYLE = Automatic;
				MACOSX_DEPLOYMENT_TARGET = 15.3;
				PRODUCT_NAME = "$(TARGET_NAME)";
				SWIFT_VERSION = 5.0;
			};
			name = Debug;
		};
		B91B25A72D0E9A6A00B81831 /* Release */ = {
			isa = XCBuildConfiguration;
			buildSettings = {
				CODE_SIGN_STYLE = Automatic;
				MACOSX_DEPLOYMENT_TARGET = 15.3;
				PRODUCT_NAME = "$(TARGET_NAME)";
				SWIFT_VERSION = 5.0;
			};
			name = Release;
		};
		B91B25B72D1075B400B81831 /* Debug */ = {
			isa = XCBuildConfiguration;
			buildSettings = {
				CODE_SIGN_STYLE = Automatic;
				MACOSX_DEPLOYMENT_TARGET = 15.3;
				PRODUCT_NAME = "$(TARGET_NAME)";
				SWIFT_VERSION = 5.0;
			};
			name = Debug;
		};
		B91B25B82D1075B400B81831 /* Release */ = {
			isa = XCBuildConfiguration;
			buildSettings = {
				CODE_SIGN_STYLE = Automatic;
				MACOSX_DEPLOYMENT_TARGET = 15.3;
				PRODUCT_NAME = "$(TARGET_NAME)";
				SWIFT_VERSION = 5.0;
			};
			name = Release;
		};
		B91B26802D11CEDF00B81831 /* Debug */ = {
			isa = XCBuildConfiguration;
			buildSettings = {
				CODE_SIGN_STYLE = Automatic;
				MACOSX_DEPLOYMENT_TARGET = 15.3;
				PRODUCT_NAME = "$(TARGET_NAME)";
				SWIFT_VERSION = 5.0;
			};
			name = Debug;
		};
		B91B26812D11CEDF00B81831 /* Release */ = {
			isa = XCBuildConfiguration;
			buildSettings = {
				CODE_SIGN_STYLE = Automatic;
				MACOSX_DEPLOYMENT_TARGET = 15.3;
				PRODUCT_NAME = "$(TARGET_NAME)";
				SWIFT_VERSION = 5.0;
			};
			name = Release;
		};
		B91B26922D1319EA00B81831 /* Debug */ = {
			isa = XCBuildConfiguration;
			buildSettings = {
				CODE_SIGN_STYLE = Automatic;
				MACOSX_DEPLOYMENT_TARGET = 15.3;
				PRODUCT_NAME = "$(TARGET_NAME)";
				SWIFT_VERSION = 5.0;
			};
			name = Debug;
		};
		B91B26932D1319EA00B81831 /* Release */ = {
			isa = XCBuildConfiguration;
			buildSettings = {
				CODE_SIGN_STYLE = Automatic;
				MACOSX_DEPLOYMENT_TARGET = 15.3;
				PRODUCT_NAME = "$(TARGET_NAME)";
				SWIFT_VERSION = 5.0;
			};
			name = Release;
		};
		B9395A1F2D0B332E0015573E /* Debug */ = {
			isa = XCBuildConfiguration;
			buildSettings = {
				CODE_SIGN_STYLE = Automatic;
				PRODUCT_NAME = "$(TARGET_NAME)";
				SWIFT_VERSION = 5.0;
			};
			name = Debug;
		};
		B9395A202D0B332E0015573E /* Release */ = {
			isa = XCBuildConfiguration;
			buildSettings = {
				CODE_SIGN_STYLE = Automatic;
				PRODUCT_NAME = "$(TARGET_NAME)";
				SWIFT_VERSION = 5.0;
			};
			name = Release;
		};
		B966D71D2D016A7300039D2D /* Debug */ = {
			isa = XCBuildConfiguration;
			buildSettings = {
				CODE_SIGN_STYLE = Automatic;
				PRODUCT_NAME = "$(TARGET_NAME)";
				SWIFT_VERSION = 5.0;
			};
			name = Debug;
		};
		B966D71E2D016A7300039D2D /* Release */ = {
			isa = XCBuildConfiguration;
			buildSettings = {
				CODE_SIGN_STYLE = Automatic;
				PRODUCT_NAME = "$(TARGET_NAME)";
				SWIFT_VERSION = 5.0;
			};
			name = Release;
		};
		B97C71872D040DC400C8CD0C /* Debug */ = {
			isa = XCBuildConfiguration;
			buildSettings = {
				CODE_SIGN_STYLE = Automatic;
				PRODUCT_NAME = "$(TARGET_NAME)";
				SWIFT_VERSION = 5.0;
			};
			name = Debug;
		};
		B97C71882D040DC400C8CD0C /* Release */ = {
			isa = XCBuildConfiguration;
			buildSettings = {
				CODE_SIGN_STYLE = Automatic;
				PRODUCT_NAME = "$(TARGET_NAME)";
				SWIFT_VERSION = 5.0;
			};
			name = Release;
		};
		B9822E982D145C64001C5B42 /* Debug */ = {
			isa = XCBuildConfiguration;
			buildSettings = {
				CODE_SIGN_STYLE = Automatic;
				MACOSX_DEPLOYMENT_TARGET = 15.3;
				PRODUCT_NAME = "$(TARGET_NAME)";
				SWIFT_VERSION = 5.0;
			};
			name = Debug;
		};
		B9822E992D145C64001C5B42 /* Release */ = {
			isa = XCBuildConfiguration;
			buildSettings = {
				CODE_SIGN_STYLE = Automatic;
				MACOSX_DEPLOYMENT_TARGET = 15.3;
				PRODUCT_NAME = "$(TARGET_NAME)";
				SWIFT_VERSION = 5.0;
			};
			name = Release;
		};
		B9822EAA2D15CF7D001C5B42 /* Debug */ = {
			isa = XCBuildConfiguration;
			buildSettings = {
				CODE_SIGN_STYLE = Automatic;
				MACOSX_DEPLOYMENT_TARGET = 15.3;
				PRODUCT_NAME = "$(TARGET_NAME)";
				SWIFT_VERSION = 5.0;
			};
			name = Debug;
		};
		B9822EAB2D15CF7D001C5B42 /* Release */ = {
			isa = XCBuildConfiguration;
			buildSettings = {
				CODE_SIGN_STYLE = Automatic;
				MACOSX_DEPLOYMENT_TARGET = 15.3;
				PRODUCT_NAME = "$(TARGET_NAME)";
				SWIFT_VERSION = 5.0;
			};
			name = Release;
		};
		B998760F2D055F1000C2ABE1 /* Debug */ = {
			isa = XCBuildConfiguration;
			buildSettings = {
				CODE_SIGN_STYLE = Automatic;
				PRODUCT_NAME = "$(TARGET_NAME)";
				SWIFT_VERSION = 5.0;
			};
			name = Debug;
		};
		B99876102D055F1000C2ABE1 /* Release */ = {
			isa = XCBuildConfiguration;
			buildSettings = {
				CODE_SIGN_STYLE = Automatic;
				PRODUCT_NAME = "$(TARGET_NAME)";
				SWIFT_VERSION = 5.0;
			};
			name = Release;
		};
		B99876212D073C4500C2ABE1 /* Debug */ = {
			isa = XCBuildConfiguration;
			buildSettings = {
				CODE_SIGN_STYLE = Automatic;
				PRODUCT_NAME = "$(TARGET_NAME)";
				SWIFT_VERSION = 5.0;
			};
			name = Debug;
		};
		B99876222D073C4500C2ABE1 /* Release */ = {
			isa = XCBuildConfiguration;
			buildSettings = {
				CODE_SIGN_STYLE = Automatic;
				PRODUCT_NAME = "$(TARGET_NAME)";
				SWIFT_VERSION = 5.0;
			};
			name = Release;
		};
		B998765F2D08FB3900C2ABE1 /* Debug */ = {
			isa = XCBuildConfiguration;
			buildSettings = {
				CODE_SIGN_STYLE = Automatic;
				PRODUCT_NAME = "$(TARGET_NAME)";
				SWIFT_VERSION = 5.0;
			};
			name = Debug;
		};
		B99876602D08FB3900C2ABE1 /* Release */ = {
			isa = XCBuildConfiguration;
			buildSettings = {
				CODE_SIGN_STYLE = Automatic;
				PRODUCT_NAME = "$(TARGET_NAME)";
				SWIFT_VERSION = 5.0;
			};
			name = Release;
		};
		B99876722D09DE7A00C2ABE1 /* Debug */ = {
			isa = XCBuildConfiguration;
			buildSettings = {
				CODE_SIGN_STYLE = Automatic;
				PRODUCT_NAME = "$(TARGET_NAME)";
				SWIFT_VERSION = 5.0;
			};
			name = Debug;
		};
		B99876732D09DE7A00C2ABE1 /* Release */ = {
			isa = XCBuildConfiguration;
			buildSettings = {
				CODE_SIGN_STYLE = Automatic;
				PRODUCT_NAME = "$(TARGET_NAME)";
				SWIFT_VERSION = 5.0;
			};
			name = Release;
		};
		B9994F162CFEC7B000B62C24 /* Debug */ = {
			isa = XCBuildConfiguration;
			buildSettings = {
				CODE_SIGN_STYLE = Automatic;
				PRODUCT_NAME = "$(TARGET_NAME)";
				SWIFT_VERSION = 5.0;
			};
			name = Debug;
		};
		B9994F172CFEC7B000B62C24 /* Release */ = {
			isa = XCBuildConfiguration;
			buildSettings = {
				CODE_SIGN_STYLE = Automatic;
				PRODUCT_NAME = "$(TARGET_NAME)";
				SWIFT_VERSION = 5.0;
			};
			name = Release;
		};
		B9BAA4CE2D02BC3B00E3988F /* Debug */ = {
			isa = XCBuildConfiguration;
			buildSettings = {
				CODE_SIGN_STYLE = Automatic;
				PRODUCT_NAME = "$(TARGET_NAME)";
				SWIFT_VERSION = 5.0;
			};
			name = Debug;
		};
		B9BAA4CF2D02BC3B00E3988F /* Release */ = {
			isa = XCBuildConfiguration;
			buildSettings = {
				CODE_SIGN_STYLE = Automatic;
				PRODUCT_NAME = "$(TARGET_NAME)";
				SWIFT_VERSION = 5.0;
			};
			name = Release;
		};
		B9BFE8A22D0C87870064FB19 /* Debug */ = {
			isa = XCBuildConfiguration;
			buildSettings = {
				CODE_SIGN_STYLE = Automatic;
				MACOSX_DEPLOYMENT_TARGET = 15.3;
				PRODUCT_NAME = "$(TARGET_NAME)";
				SWIFT_VERSION = 5.0;
			};
			name = Debug;
		};
		B9BFE8A32D0C87870064FB19 /* Release */ = {
			isa = XCBuildConfiguration;
			buildSettings = {
				CODE_SIGN_STYLE = Automatic;
				MACOSX_DEPLOYMENT_TARGET = 15.3;
				PRODUCT_NAME = "$(TARGET_NAME)";
				SWIFT_VERSION = 5.0;
			};
			name = Release;
		};
		B9CDA9572CFCB26200D67D9C /* Debug */ = {
			isa = XCBuildConfiguration;
			buildSettings = {
				ALWAYS_SEARCH_USER_PATHS = NO;
				ASSETCATALOG_COMPILER_GENERATE_SWIFT_ASSET_SYMBOL_EXTENSIONS = YES;
				CLANG_ANALYZER_NONNULL = YES;
				CLANG_ANALYZER_NUMBER_OBJECT_CONVERSION = YES_AGGRESSIVE;
				CLANG_CXX_LANGUAGE_STANDARD = "gnu++20";
				CLANG_ENABLE_MODULES = YES;
				CLANG_ENABLE_OBJC_ARC = YES;
				CLANG_ENABLE_OBJC_WEAK = YES;
				CLANG_WARN_BLOCK_CAPTURE_AUTORELEASING = YES;
				CLANG_WARN_BOOL_CONVERSION = YES;
				CLANG_WARN_COMMA = YES;
				CLANG_WARN_CONSTANT_CONVERSION = YES;
				CLANG_WARN_DEPRECATED_OBJC_IMPLEMENTATIONS = YES;
				CLANG_WARN_DIRECT_OBJC_ISA_USAGE = YES_ERROR;
				CLANG_WARN_DOCUMENTATION_COMMENTS = YES;
				CLANG_WARN_EMPTY_BODY = YES;
				CLANG_WARN_ENUM_CONVERSION = YES;
				CLANG_WARN_INFINITE_RECURSION = YES;
				CLANG_WARN_INT_CONVERSION = YES;
				CLANG_WARN_NON_LITERAL_NULL_CONVERSION = YES;
				CLANG_WARN_OBJC_IMPLICIT_RETAIN_SELF = YES;
				CLANG_WARN_OBJC_LITERAL_CONVERSION = YES;
				CLANG_WARN_OBJC_ROOT_CLASS = YES_ERROR;
				CLANG_WARN_QUOTED_INCLUDE_IN_FRAMEWORK_HEADER = YES;
				CLANG_WARN_RANGE_LOOP_ANALYSIS = YES;
				CLANG_WARN_STRICT_PROTOTYPES = YES;
				CLANG_WARN_SUSPICIOUS_MOVE = YES;
				CLANG_WARN_UNGUARDED_AVAILABILITY = YES_AGGRESSIVE;
				CLANG_WARN_UNREACHABLE_CODE = YES;
				CLANG_WARN__DUPLICATE_METHOD_MATCH = YES;
				COPY_PHASE_STRIP = NO;
				DEBUG_INFORMATION_FORMAT = dwarf;
				ENABLE_STRICT_OBJC_MSGSEND = YES;
				ENABLE_TESTABILITY = YES;
				ENABLE_USER_SCRIPT_SANDBOXING = YES;
				GCC_C_LANGUAGE_STANDARD = gnu17;
				GCC_DYNAMIC_NO_PIC = NO;
				GCC_NO_COMMON_BLOCKS = YES;
				GCC_OPTIMIZATION_LEVEL = 0;
				GCC_PREPROCESSOR_DEFINITIONS = (
					"DEBUG=1",
					"$(inherited)",
				);
				GCC_WARN_64_TO_32_BIT_CONVERSION = YES;
				GCC_WARN_ABOUT_RETURN_TYPE = YES_ERROR;
				GCC_WARN_UNDECLARED_SELECTOR = YES;
				GCC_WARN_UNINITIALIZED_AUTOS = YES_AGGRESSIVE;
				GCC_WARN_UNUSED_FUNCTION = YES;
				GCC_WARN_UNUSED_VARIABLE = YES;
				LOCALIZATION_PREFERS_STRING_CATALOGS = YES;
				MACOSX_DEPLOYMENT_TARGET = 15.2;
				MTL_ENABLE_DEBUG_INFO = INCLUDE_SOURCE;
				MTL_FAST_MATH = YES;
				ONLY_ACTIVE_ARCH = YES;
				SDKROOT = macosx;
				SWIFT_ACTIVE_COMPILATION_CONDITIONS = "DEBUG $(inherited)";
				SWIFT_OPTIMIZATION_LEVEL = "-Onone";
			};
			name = Debug;
		};
		B9CDA9582CFCB26200D67D9C /* Release */ = {
			isa = XCBuildConfiguration;
			buildSettings = {
				ALWAYS_SEARCH_USER_PATHS = NO;
				ASSETCATALOG_COMPILER_GENERATE_SWIFT_ASSET_SYMBOL_EXTENSIONS = YES;
				CLANG_ANALYZER_NONNULL = YES;
				CLANG_ANALYZER_NUMBER_OBJECT_CONVERSION = YES_AGGRESSIVE;
				CLANG_CXX_LANGUAGE_STANDARD = "gnu++20";
				CLANG_ENABLE_MODULES = YES;
				CLANG_ENABLE_OBJC_ARC = YES;
				CLANG_ENABLE_OBJC_WEAK = YES;
				CLANG_WARN_BLOCK_CAPTURE_AUTORELEASING = YES;
				CLANG_WARN_BOOL_CONVERSION = YES;
				CLANG_WARN_COMMA = YES;
				CLANG_WARN_CONSTANT_CONVERSION = YES;
				CLANG_WARN_DEPRECATED_OBJC_IMPLEMENTATIONS = YES;
				CLANG_WARN_DIRECT_OBJC_ISA_USAGE = YES_ERROR;
				CLANG_WARN_DOCUMENTATION_COMMENTS = YES;
				CLANG_WARN_EMPTY_BODY = YES;
				CLANG_WARN_ENUM_CONVERSION = YES;
				CLANG_WARN_INFINITE_RECURSION = YES;
				CLANG_WARN_INT_CONVERSION = YES;
				CLANG_WARN_NON_LITERAL_NULL_CONVERSION = YES;
				CLANG_WARN_OBJC_IMPLICIT_RETAIN_SELF = YES;
				CLANG_WARN_OBJC_LITERAL_CONVERSION = YES;
				CLANG_WARN_OBJC_ROOT_CLASS = YES_ERROR;
				CLANG_WARN_QUOTED_INCLUDE_IN_FRAMEWORK_HEADER = YES;
				CLANG_WARN_RANGE_LOOP_ANALYSIS = YES;
				CLANG_WARN_STRICT_PROTOTYPES = YES;
				CLANG_WARN_SUSPICIOUS_MOVE = YES;
				CLANG_WARN_UNGUARDED_AVAILABILITY = YES_AGGRESSIVE;
				CLANG_WARN_UNREACHABLE_CODE = YES;
				CLANG_WARN__DUPLICATE_METHOD_MATCH = YES;
				COPY_PHASE_STRIP = NO;
				DEBUG_INFORMATION_FORMAT = "dwarf-with-dsym";
				ENABLE_NS_ASSERTIONS = NO;
				ENABLE_STRICT_OBJC_MSGSEND = YES;
				ENABLE_USER_SCRIPT_SANDBOXING = YES;
				GCC_C_LANGUAGE_STANDARD = gnu17;
				GCC_NO_COMMON_BLOCKS = YES;
				GCC_WARN_64_TO_32_BIT_CONVERSION = YES;
				GCC_WARN_ABOUT_RETURN_TYPE = YES_ERROR;
				GCC_WARN_UNDECLARED_SELECTOR = YES;
				GCC_WARN_UNINITIALIZED_AUTOS = YES_AGGRESSIVE;
				GCC_WARN_UNUSED_FUNCTION = YES;
				GCC_WARN_UNUSED_VARIABLE = YES;
				LOCALIZATION_PREFERS_STRING_CATALOGS = YES;
				MACOSX_DEPLOYMENT_TARGET = 15.2;
				MTL_ENABLE_DEBUG_INFO = NO;
				MTL_FAST_MATH = YES;
				SDKROOT = macosx;
				SWIFT_COMPILATION_MODE = wholemodule;
			};
			name = Release;
		};
		B9CDA9652CFCB27900D67D9C /* Debug */ = {
			isa = XCBuildConfiguration;
			buildSettings = {
				CODE_SIGN_STYLE = Automatic;
				PRODUCT_NAME = "$(TARGET_NAME)";
				SWIFT_VERSION = 5.0;
			};
			name = Debug;
		};
		B9CDA9662CFCB27900D67D9C /* Release */ = {
			isa = XCBuildConfiguration;
			buildSettings = {
				CODE_SIGN_STYLE = Automatic;
				PRODUCT_NAME = "$(TARGET_NAME)";
				SWIFT_VERSION = 5.0;
			};
			name = Release;
		};
		B9CDA9772CFD7B9F00D67D9C /* Debug */ = {
			isa = XCBuildConfiguration;
			buildSettings = {
				CODE_SIGN_STYLE = Automatic;
				PRODUCT_NAME = "$(TARGET_NAME)";
				SWIFT_VERSION = 5.0;
			};
			name = Debug;
		};
		B9CDA9782CFD7B9F00D67D9C /* Release */ = {
			isa = XCBuildConfiguration;
			buildSettings = {
				CODE_SIGN_STYLE = Automatic;
				PRODUCT_NAME = "$(TARGET_NAME)";
				SWIFT_VERSION = 5.0;
			};
			name = Release;
		};
		B9E1AC4A2CFFB61D00DA3DE7 /* Debug */ = {
			isa = XCBuildConfiguration;
			buildSettings = {
				CODE_SIGN_STYLE = Automatic;
				PRODUCT_NAME = "$(TARGET_NAME)";
				SWIFT_VERSION = 5.0;
			};
			name = Debug;
		};
		B9E1AC4B2CFFB61D00DA3DE7 /* Release */ = {
			isa = XCBuildConfiguration;
			buildSettings = {
				CODE_SIGN_STYLE = Automatic;
				PRODUCT_NAME = "$(TARGET_NAME)";
				SWIFT_VERSION = 5.0;
			};
			name = Release;
		};
/* End XCBuildConfiguration section */

/* Begin XCConfigurationList section */
		B91B25962D0D480B00B81831 /* Build configuration list for PBXNativeTarget "Day 14" */ = {
			isa = XCConfigurationList;
			buildConfigurations = (
				B91B25942D0D480B00B81831 /* Debug */,
				B91B25952D0D480B00B81831 /* Release */,
			);
			defaultConfigurationIsVisible = 0;
			defaultConfigurationName = Release;
		};
		B91B25A52D0E9A6A00B81831 /* Build configuration list for PBXNativeTarget "Day 15" */ = {
			isa = XCConfigurationList;
			buildConfigurations = (
				B91B25A62D0E9A6A00B81831 /* Debug */,
				B91B25A72D0E9A6A00B81831 /* Release */,
			);
			defaultConfigurationIsVisible = 0;
			defaultConfigurationName = Release;
		};
		B91B25B62D1075B400B81831 /* Build configuration list for PBXNativeTarget "Day 16" */ = {
			isa = XCConfigurationList;
			buildConfigurations = (
				B91B25B72D1075B400B81831 /* Debug */,
				B91B25B82D1075B400B81831 /* Release */,
			);
			defaultConfigurationIsVisible = 0;
			defaultConfigurationName = Release;
		};
		B91B26822D11CEDF00B81831 /* Build configuration list for PBXNativeTarget "Day 17" */ = {
			isa = XCConfigurationList;
			buildConfigurations = (
				B91B26802D11CEDF00B81831 /* Debug */,
				B91B26812D11CEDF00B81831 /* Release */,
			);
			defaultConfigurationIsVisible = 0;
			defaultConfigurationName = Release;
		};
		B91B26912D1319EA00B81831 /* Build configuration list for PBXNativeTarget "Day 18" */ = {
			isa = XCConfigurationList;
			buildConfigurations = (
				B91B26922D1319EA00B81831 /* Debug */,
				B91B26932D1319EA00B81831 /* Release */,
			);
			defaultConfigurationIsVisible = 0;
			defaultConfigurationName = Release;
		};
		B9395A212D0B332E0015573E /* Build configuration list for PBXNativeTarget "Day 12" */ = {
			isa = XCConfigurationList;
			buildConfigurations = (
				B9395A1F2D0B332E0015573E /* Debug */,
				B9395A202D0B332E0015573E /* Release */,
			);
			defaultConfigurationIsVisible = 0;
			defaultConfigurationName = Release;
		};
		B966D71F2D016A7300039D2D /* Build configuration list for PBXNativeTarget "Day 05" */ = {
			isa = XCConfigurationList;
			buildConfigurations = (
				B966D71D2D016A7300039D2D /* Debug */,
				B966D71E2D016A7300039D2D /* Release */,
			);
			defaultConfigurationIsVisible = 0;
			defaultConfigurationName = Release;
		};
		B97C71892D040DC400C8CD0C /* Build configuration list for PBXNativeTarget "Day 07" */ = {
			isa = XCConfigurationList;
			buildConfigurations = (
				B97C71872D040DC400C8CD0C /* Debug */,
				B97C71882D040DC400C8CD0C /* Release */,
			);
			defaultConfigurationIsVisible = 0;
			defaultConfigurationName = Release;
		};
		B9822E9A2D145C64001C5B42 /* Build configuration list for PBXNativeTarget "Day 19" */ = {
			isa = XCConfigurationList;
			buildConfigurations = (
				B9822E982D145C64001C5B42 /* Debug */,
				B9822E992D145C64001C5B42 /* Release */,
			);
			defaultConfigurationIsVisible = 0;
			defaultConfigurationName = Release;
		};
		B9822EA92D15CF7D001C5B42 /* Build configuration list for PBXNativeTarget "Day 20" */ = {
			isa = XCConfigurationList;
			buildConfigurations = (
				B9822EAA2D15CF7D001C5B42 /* Debug */,
				B9822EAB2D15CF7D001C5B42 /* Release */,
			);
			defaultConfigurationIsVisible = 0;
			defaultConfigurationName = Release;
		};
		B99876112D055F1000C2ABE1 /* Build configuration list for PBXNativeTarget "Day 08" */ = {
			isa = XCConfigurationList;
			buildConfigurations = (
				B998760F2D055F1000C2ABE1 /* Debug */,
				B99876102D055F1000C2ABE1 /* Release */,
			);
			defaultConfigurationIsVisible = 0;
			defaultConfigurationName = Release;
		};
		B99876202D073C4500C2ABE1 /* Build configuration list for PBXNativeTarget "Day 09" */ = {
			isa = XCConfigurationList;
			buildConfigurations = (
				B99876212D073C4500C2ABE1 /* Debug */,
				B99876222D073C4500C2ABE1 /* Release */,
			);
			defaultConfigurationIsVisible = 0;
			defaultConfigurationName = Release;
		};
		B99876612D08FB3900C2ABE1 /* Build configuration list for PBXNativeTarget "Day 10" */ = {
			isa = XCConfigurationList;
			buildConfigurations = (
				B998765F2D08FB3900C2ABE1 /* Debug */,
				B99876602D08FB3900C2ABE1 /* Release */,
			);
			defaultConfigurationIsVisible = 0;
			defaultConfigurationName = Release;
		};
		B99876712D09DE7A00C2ABE1 /* Build configuration list for PBXNativeTarget "Day 11" */ = {
			isa = XCConfigurationList;
			buildConfigurations = (
				B99876722D09DE7A00C2ABE1 /* Debug */,
				B99876732D09DE7A00C2ABE1 /* Release */,
			);
			defaultConfigurationIsVisible = 0;
			defaultConfigurationName = Release;
		};
		B9994F182CFEC7B000B62C24 /* Build configuration list for PBXNativeTarget "Day 03" */ = {
			isa = XCConfigurationList;
			buildConfigurations = (
				B9994F162CFEC7B000B62C24 /* Debug */,
				B9994F172CFEC7B000B62C24 /* Release */,
			);
			defaultConfigurationIsVisible = 0;
			defaultConfigurationName = Release;
		};
		B9BAA4D02D02BC3B00E3988F /* Build configuration list for PBXNativeTarget "Day 06" */ = {
			isa = XCConfigurationList;
			buildConfigurations = (
				B9BAA4CE2D02BC3B00E3988F /* Debug */,
				B9BAA4CF2D02BC3B00E3988F /* Release */,
			);
			defaultConfigurationIsVisible = 0;
			defaultConfigurationName = Release;
		};
		B9BFE8A42D0C87870064FB19 /* Build configuration list for PBXNativeTarget "Day 13" */ = {
			isa = XCConfigurationList;
			buildConfigurations = (
				B9BFE8A22D0C87870064FB19 /* Debug */,
				B9BFE8A32D0C87870064FB19 /* Release */,
			);
			defaultConfigurationIsVisible = 0;
			defaultConfigurationName = Release;
		};
		B9CDA94D2CFCB26200D67D9C /* Build configuration list for PBXProject "Advent of Code 2024" */ = {
			isa = XCConfigurationList;
			buildConfigurations = (
				B9CDA9572CFCB26200D67D9C /* Debug */,
				B9CDA9582CFCB26200D67D9C /* Release */,
			);
			defaultConfigurationIsVisible = 0;
			defaultConfigurationName = Release;
		};
		B9CDA9642CFCB27900D67D9C /* Build configuration list for PBXNativeTarget "Day 01" */ = {
			isa = XCConfigurationList;
			buildConfigurations = (
				B9CDA9652CFCB27900D67D9C /* Debug */,
				B9CDA9662CFCB27900D67D9C /* Release */,
			);
			defaultConfigurationIsVisible = 0;
			defaultConfigurationName = Release;
		};
		B9CDA9762CFD7B9F00D67D9C /* Build configuration list for PBXNativeTarget "Day 02" */ = {
			isa = XCConfigurationList;
			buildConfigurations = (
				B9CDA9772CFD7B9F00D67D9C /* Debug */,
				B9CDA9782CFD7B9F00D67D9C /* Release */,
			);
			defaultConfigurationIsVisible = 0;
			defaultConfigurationName = Release;
		};
		B9E1AC4C2CFFB61D00DA3DE7 /* Build configuration list for PBXNativeTarget "Day 04" */ = {
			isa = XCConfigurationList;
			buildConfigurations = (
				B9E1AC4A2CFFB61D00DA3DE7 /* Debug */,
				B9E1AC4B2CFFB61D00DA3DE7 /* Release */,
			);
			defaultConfigurationIsVisible = 0;
			defaultConfigurationName = Release;
		};
/* End XCConfigurationList section */

/* Begin XCRemoteSwiftPackageReference section */
		B91B25BF2D1076B700B81831 /* XCRemoteSwiftPackageReference "swift-collections" */ = {
			isa = XCRemoteSwiftPackageReference;
			repositoryURL = "https://github.com/apple/swift-collections.git";
			requirement = {
				kind = upToNextMajorVersion;
				minimumVersion = 1.1.4;
			};
		};
		B9CDA9672CFCB2D700D67D9C /* XCRemoteSwiftPackageReference "AoC-Helpers" */ = {
			isa = XCRemoteSwiftPackageReference;
			repositoryURL = "https://github.com/juliand665/AoC-Helpers.git";
			requirement = {
				branch = main;
				kind = branch;
			};
		};
/* End XCRemoteSwiftPackageReference section */

/* Begin XCSwiftPackageProductDependency section */
		B91B25972D0D483C00B81831 /* AoC-Helpers */ = {
			isa = XCSwiftPackageProductDependency;
			package = B9CDA9672CFCB2D700D67D9C /* XCRemoteSwiftPackageReference "AoC-Helpers" */;
			productName = "AoC-Helpers";
		};
		B91B25A82D0E9A7400B81831 /* AoC-Helpers */ = {
			isa = XCSwiftPackageProductDependency;
			package = B9CDA9672CFCB2D700D67D9C /* XCRemoteSwiftPackageReference "AoC-Helpers" */;
			productName = "AoC-Helpers";
		};
		B91B25BD2D1075DA00B81831 /* AoC-Helpers */ = {
			isa = XCSwiftPackageProductDependency;
			package = B9CDA9672CFCB2D700D67D9C /* XCRemoteSwiftPackageReference "AoC-Helpers" */;
			productName = "AoC-Helpers";
		};
		B91B25C02D1076BC00B81831 /* HeapModule */ = {
			isa = XCSwiftPackageProductDependency;
			package = B91B25BF2D1076B700B81831 /* XCRemoteSwiftPackageReference "swift-collections" */;
			productName = HeapModule;
		};
		B91B26842D11CEF500B81831 /* AoC-Helpers */ = {
			isa = XCSwiftPackageProductDependency;
			package = B9CDA9672CFCB2D700D67D9C /* XCRemoteSwiftPackageReference "AoC-Helpers" */;
			productName = "AoC-Helpers";
		};
		B91B26982D131A2400B81831 /* AoC-Helpers */ = {
			isa = XCSwiftPackageProductDependency;
			package = B9CDA9672CFCB2D700D67D9C /* XCRemoteSwiftPackageReference "AoC-Helpers" */;
			productName = "AoC-Helpers";
		};
		B9395A232D0B33500015573E /* AoC-Helpers */ = {
			isa = XCSwiftPackageProductDependency;
			package = B9CDA9672CFCB2D700D67D9C /* XCRemoteSwiftPackageReference "AoC-Helpers" */;
			productName = "AoC-Helpers";
		};
		B966D7212D016A8700039D2D /* AoC-Helpers */ = {
			isa = XCSwiftPackageProductDependency;
			package = B9CDA9672CFCB2D700D67D9C /* XCRemoteSwiftPackageReference "AoC-Helpers" */;
			productName = "AoC-Helpers";
		};
		B97C718B2D040DD100C8CD0C /* AoC-Helpers */ = {
			isa = XCSwiftPackageProductDependency;
			package = B9CDA9672CFCB2D700D67D9C /* XCRemoteSwiftPackageReference "AoC-Helpers" */;
			productName = "AoC-Helpers";
		};
		B9822E9C2D145C77001C5B42 /* AoC-Helpers */ = {
			isa = XCSwiftPackageProductDependency;
			package = B9CDA9672CFCB2D700D67D9C /* XCRemoteSwiftPackageReference "AoC-Helpers" */;
			productName = "AoC-Helpers";
		};
		B9822EB02D15D288001C5B42 /* AoC-Helpers */ = {
			isa = XCSwiftPackageProductDependency;
			package = B9CDA9672CFCB2D700D67D9C /* XCRemoteSwiftPackageReference "AoC-Helpers" */;
			productName = "AoC-Helpers";
		};
		B99876122D055F1B00C2ABE1 /* AoC-Helpers */ = {
			isa = XCSwiftPackageProductDependency;
			package = B9CDA9672CFCB2D700D67D9C /* XCRemoteSwiftPackageReference "AoC-Helpers" */;
			productName = "AoC-Helpers";
		};
		B99876242D073C5A00C2ABE1 /* AoC-Helpers */ = {
			isa = XCSwiftPackageProductDependency;
			package = B9CDA9672CFCB2D700D67D9C /* XCRemoteSwiftPackageReference "AoC-Helpers" */;
			productName = "AoC-Helpers";
		};
		B99876632D08FB6300C2ABE1 /* AoC-Helpers */ = {
			isa = XCSwiftPackageProductDependency;
			package = B9CDA9672CFCB2D700D67D9C /* XCRemoteSwiftPackageReference "AoC-Helpers" */;
			productName = "AoC-Helpers";
		};
		B99876782D09DEA000C2ABE1 /* AoC-Helpers */ = {
			isa = XCSwiftPackageProductDependency;
			package = B9CDA9672CFCB2D700D67D9C /* XCRemoteSwiftPackageReference "AoC-Helpers" */;
			productName = "AoC-Helpers";
		};
		B9994F192CFEC7B400B62C24 /* AoC-Helpers */ = {
			isa = XCSwiftPackageProductDependency;
			package = B9CDA9672CFCB2D700D67D9C /* XCRemoteSwiftPackageReference "AoC-Helpers" */;
			productName = "AoC-Helpers";
		};
		B9BAA4D12D02BC4800E3988F /* AoC-Helpers */ = {
			isa = XCSwiftPackageProductDependency;
			package = B9CDA9672CFCB2D700D67D9C /* XCRemoteSwiftPackageReference "AoC-Helpers" */;
			productName = "AoC-Helpers";
		};
		B9BFE8A62D0C87970064FB19 /* AoC-Helpers */ = {
			isa = XCSwiftPackageProductDependency;
			package = B9CDA9672CFCB2D700D67D9C /* XCRemoteSwiftPackageReference "AoC-Helpers" */;
			productName = "AoC-Helpers";
		};
		B9CDA9682CFCB2D700D67D9C /* AoC-Helpers */ = {
			isa = XCSwiftPackageProductDependency;
			package = B9CDA9672CFCB2D700D67D9C /* XCRemoteSwiftPackageReference "AoC-Helpers" */;
			productName = "AoC-Helpers";
		};
		B9CDA97E2CFD7BC700D67D9C /* AoC-Helpers */ = {
			isa = XCSwiftPackageProductDependency;
			package = B9CDA9672CFCB2D700D67D9C /* XCRemoteSwiftPackageReference "AoC-Helpers" */;
			productName = "AoC-Helpers";
		};
		B9E1AC512CFFB76800DA3DE7 /* AoC-Helpers */ = {
			isa = XCSwiftPackageProductDependency;
			package = B9CDA9672CFCB2D700D67D9C /* XCRemoteSwiftPackageReference "AoC-Helpers" */;
			productName = "AoC-Helpers";
		};
/* End XCSwiftPackageProductDependency section */
	};
	rootObject = B9CDA94A2CFCB26200D67D9C /* Project object */;
}
