// !$*UTF8*$!
{
	archiveVersion = 1;
	classes = {
	};
	objectVersion = 77;
	objects = {

/* Begin PBXBuildFile section */
		B9994F1A2CFEC7B400B62C24 /* AoC-Helpers in Frameworks */ = {isa = PBXBuildFile; productRef = B9994F192CFEC7B400B62C24 /* AoC-Helpers */; };
		B9CDA9692CFCB2D700D67D9C /* AoC-Helpers in Frameworks */ = {isa = PBXBuildFile; productRef = B9CDA9682CFCB2D700D67D9C /* AoC-Helpers */; };
		B9CDA97F2CFD7BC700D67D9C /* AoC-Helpers in Frameworks */ = {isa = PBXBuildFile; productRef = B9CDA97E2CFD7BC700D67D9C /* AoC-Helpers */; };
/* End PBXBuildFile section */

/* Begin PBXCopyFilesBuildPhase section */
		B9994F102CFEC7AF00B62C24 /* CopyFiles */ = {
			isa = PBXCopyFilesBuildPhase;
			buildActionMask = 2147483647;
			dstPath = /usr/share/man/man1/;
			dstSubfolderSpec = 0;
			files = (
			);
			runOnlyForDeploymentPostprocessing = 1;
		};
		B9994F1C2CFEC7E500B62C24 /* CopyFiles */ = {
			isa = PBXCopyFilesBuildPhase;
			buildActionMask = 2147483647;
			dstPath = "";
			dstSubfolderSpec = 7;
			files = (
			);
			runOnlyForDeploymentPostprocessing = 0;
		};
		B9CDA95E2CFCB27900D67D9C /* CopyFiles */ = {
			isa = PBXCopyFilesBuildPhase;
			buildActionMask = 2147483647;
			dstPath = /usr/share/man/man1/;
			dstSubfolderSpec = 0;
			files = (
			);
			runOnlyForDeploymentPostprocessing = 1;
		};
		B9CDA96B2CFCB2FD00D67D9C /* CopyFiles */ = {
			isa = PBXCopyFilesBuildPhase;
			buildActionMask = 2147483647;
			dstPath = "";
			dstSubfolderSpec = 7;
			files = (
			);
			runOnlyForDeploymentPostprocessing = 0;
		};
		B9CDA9702CFD7B9F00D67D9C /* CopyFiles */ = {
			isa = PBXCopyFilesBuildPhase;
			buildActionMask = 2147483647;
			dstPath = /usr/share/man/man1/;
			dstSubfolderSpec = 0;
			files = (
			);
			runOnlyForDeploymentPostprocessing = 1;
		};
		B9CDA97A2CFD7BB300D67D9C /* CopyFiles */ = {
			isa = PBXCopyFilesBuildPhase;
			buildActionMask = 2147483647;
			dstPath = "";
			dstSubfolderSpec = 7;
			files = (
			);
			runOnlyForDeploymentPostprocessing = 0;
		};
/* End PBXCopyFilesBuildPhase section */

/* Begin PBXFileReference section */
		B9994F122CFEC7AF00B62C24 /* Day 03 */ = {isa = PBXFileReference; explicitFileType = "compiled.mach-o.executable"; includeInIndex = 0; path = "Day 03"; sourceTree = BUILT_PRODUCTS_DIR; };
		B9CDA9602CFCB27900D67D9C /* Day 01 */ = {isa = PBXFileReference; explicitFileType = "compiled.mach-o.executable"; includeInIndex = 0; path = "Day 01"; sourceTree = BUILT_PRODUCTS_DIR; };
		B9CDA9722CFD7B9F00D67D9C /* Day 02 */ = {isa = PBXFileReference; explicitFileType = "compiled.mach-o.executable"; includeInIndex = 0; path = "Day 02"; sourceTree = BUILT_PRODUCTS_DIR; };
/* End PBXFileReference section */

/* Begin PBXFileSystemSynchronizedGroupBuildPhaseMembershipExceptionSet section */
		B9994F1E2CFEC7E900B62C24 /* Exceptions for "Day 03" folder in "Copy Files" phase from "Day 03" target */ = {
			isa = PBXFileSystemSynchronizedGroupBuildPhaseMembershipExceptionSet;
			buildPhase = B9994F1C2CFEC7E500B62C24 /* CopyFiles */;
			membershipExceptions = (
				input.txt,
			);
		};
		B9CDA96D2CFCB30100D67D9C /* Exceptions for "Day 01" folder in "Copy Files" phase from "Day 01" target */ = {
			isa = PBXFileSystemSynchronizedGroupBuildPhaseMembershipExceptionSet;
			buildPhase = B9CDA96B2CFCB2FD00D67D9C /* CopyFiles */;
			membershipExceptions = (
				input.txt,
			);
		};
		B9CDA97C2CFD7BB700D67D9C /* Exceptions for "Day 02" folder in "Copy Files" phase from "Day 02" target */ = {
			isa = PBXFileSystemSynchronizedGroupBuildPhaseMembershipExceptionSet;
			buildPhase = B9CDA97A2CFD7BB300D67D9C /* CopyFiles */;
			membershipExceptions = (
				input.txt,
			);
		};
/* End PBXFileSystemSynchronizedGroupBuildPhaseMembershipExceptionSet section */

/* Begin PBXFileSystemSynchronizedRootGroup section */
		B9994F132CFEC7B000B62C24 /* Day 03 */ = {
			isa = PBXFileSystemSynchronizedRootGroup;
			exceptions = (
				B9994F1E2CFEC7E900B62C24 /* Exceptions for "Day 03" folder in "Copy Files" phase from "Day 03" target */,
			);
			path = "Day 03";
			sourceTree = "<group>";
		};
		B9CDA9612CFCB27900D67D9C /* Day 01 */ = {
			isa = PBXFileSystemSynchronizedRootGroup;
			exceptions = (
				B9CDA96D2CFCB30100D67D9C /* Exceptions for "Day 01" folder in "Copy Files" phase from "Day 01" target */,
			);
			path = "Day 01";
			sourceTree = "<group>";
		};
		B9CDA9732CFD7B9F00D67D9C /* Day 02 */ = {
			isa = PBXFileSystemSynchronizedRootGroup;
			exceptions = (
				B9CDA97C2CFD7BB700D67D9C /* Exceptions for "Day 02" folder in "Copy Files" phase from "Day 02" target */,
			);
			path = "Day 02";
			sourceTree = "<group>";
		};
/* End PBXFileSystemSynchronizedRootGroup section */

/* Begin PBXFrameworksBuildPhase section */
		B9994F0F2CFEC7AF00B62C24 /* Frameworks */ = {
			isa = PBXFrameworksBuildPhase;
			buildActionMask = 2147483647;
			files = (
				B9994F1A2CFEC7B400B62C24 /* AoC-Helpers in Frameworks */,
			);
			runOnlyForDeploymentPostprocessing = 0;
		};
		B9CDA95D2CFCB27900D67D9C /* Frameworks */ = {
			isa = PBXFrameworksBuildPhase;
			buildActionMask = 2147483647;
			files = (
				B9CDA9692CFCB2D700D67D9C /* AoC-Helpers in Frameworks */,
			);
			runOnlyForDeploymentPostprocessing = 0;
		};
		B9CDA96F2CFD7B9F00D67D9C /* Frameworks */ = {
			isa = PBXFrameworksBuildPhase;
			buildActionMask = 2147483647;
			files = (
				B9CDA97F2CFD7BC700D67D9C /* AoC-Helpers in Frameworks */,
			);
			runOnlyForDeploymentPostprocessing = 0;
		};
/* End PBXFrameworksBuildPhase section */

/* Begin PBXGroup section */
		B9CDA9492CFCB26200D67D9C = {
			isa = PBXGroup;
			children = (
				B9CDA9612CFCB27900D67D9C /* Day 01 */,
				B9CDA9732CFD7B9F00D67D9C /* Day 02 */,
				B9994F132CFEC7B000B62C24 /* Day 03 */,
				B9CDA97D2CFD7BC700D67D9C /* Frameworks */,
				B9CDA9532CFCB26200D67D9C /* Products */,
			);
			sourceTree = "<group>";
		};
		B9CDA9532CFCB26200D67D9C /* Products */ = {
			isa = PBXGroup;
			children = (
				B9CDA9602CFCB27900D67D9C /* Day 01 */,
				B9CDA9722CFD7B9F00D67D9C /* Day 02 */,
				B9994F122CFEC7AF00B62C24 /* Day 03 */,
			);
			name = Products;
			sourceTree = "<group>";
		};
		B9CDA97D2CFD7BC700D67D9C /* Frameworks */ = {
			isa = PBXGroup;
			children = (
			);
			name = Frameworks;
			sourceTree = "<group>";
		};
/* End PBXGroup section */

/* Begin PBXNativeTarget section */
		B9994F112CFEC7AF00B62C24 /* Day 03 */ = {
			isa = PBXNativeTarget;
			buildConfigurationList = B9994F182CFEC7B000B62C24 /* Build configuration list for PBXNativeTarget "Day 03" */;
			buildPhases = (
				B9994F0E2CFEC7AF00B62C24 /* Sources */,
				B9994F0F2CFEC7AF00B62C24 /* Frameworks */,
				B9994F102CFEC7AF00B62C24 /* CopyFiles */,
				B9994F1C2CFEC7E500B62C24 /* CopyFiles */,
			);
			buildRules = (
			);
			dependencies = (
			);
			fileSystemSynchronizedGroups = (
				B9994F132CFEC7B000B62C24 /* Day 03 */,
			);
			name = "Day 03";
			packageProductDependencies = (
				B9994F192CFEC7B400B62C24 /* AoC-Helpers */,
			);
			productName = "Day 03";
			productReference = B9994F122CFEC7AF00B62C24 /* Day 03 */;
			productType = "com.apple.product-type.tool";
		};
		B9CDA95F2CFCB27900D67D9C /* Day 01 */ = {
			isa = PBXNativeTarget;
			buildConfigurationList = B9CDA9642CFCB27900D67D9C /* Build configuration list for PBXNativeTarget "Day 01" */;
			buildPhases = (
				B9CDA95C2CFCB27900D67D9C /* Sources */,
				B9CDA95D2CFCB27900D67D9C /* Frameworks */,
				B9CDA95E2CFCB27900D67D9C /* CopyFiles */,
				B9CDA96B2CFCB2FD00D67D9C /* CopyFiles */,
			);
			buildRules = (
			);
			dependencies = (
			);
			fileSystemSynchronizedGroups = (
				B9CDA9612CFCB27900D67D9C /* Day 01 */,
			);
			name = "Day 01";
			packageProductDependencies = (
				B9CDA9682CFCB2D700D67D9C /* AoC-Helpers */,
			);
			productName = "Day 01";
			productReference = B9CDA9602CFCB27900D67D9C /* Day 01 */;
			productType = "com.apple.product-type.tool";
		};
		B9CDA9712CFD7B9F00D67D9C /* Day 02 */ = {
			isa = PBXNativeTarget;
			buildConfigurationList = B9CDA9762CFD7B9F00D67D9C /* Build configuration list for PBXNativeTarget "Day 02" */;
			buildPhases = (
				B9CDA96E2CFD7B9F00D67D9C /* Sources */,
				B9CDA96F2CFD7B9F00D67D9C /* Frameworks */,
				B9CDA9702CFD7B9F00D67D9C /* CopyFiles */,
				B9CDA97A2CFD7BB300D67D9C /* CopyFiles */,
			);
			buildRules = (
			);
			dependencies = (
			);
			fileSystemSynchronizedGroups = (
				B9CDA9732CFD7B9F00D67D9C /* Day 02 */,
			);
			name = "Day 02";
			packageProductDependencies = (
				B9CDA97E2CFD7BC700D67D9C /* AoC-Helpers */,
			);
			productName = "Day 02";
			productReference = B9CDA9722CFD7B9F00D67D9C /* Day 02 */;
			productType = "com.apple.product-type.tool";
		};
/* End PBXNativeTarget section */

/* Begin PBXProject section */
		B9CDA94A2CFCB26200D67D9C /* Project object */ = {
			isa = PBXProject;
			attributes = {
				BuildIndependentTargetsInParallel = 1;
				LastSwiftUpdateCheck = 1700;
				LastUpgradeCheck = 1700;
				TargetAttributes = {
					B9994F112CFEC7AF00B62C24 = {
						CreatedOnToolsVersion = 17.0;
					};
					B9CDA95F2CFCB27900D67D9C = {
						CreatedOnToolsVersion = 17.0;
					};
					B9CDA9712CFD7B9F00D67D9C = {
						CreatedOnToolsVersion = 17.0;
					};
				};
			};
			buildConfigurationList = B9CDA94D2CFCB26200D67D9C /* Build configuration list for PBXProject "Advent of Code 2024" */;
			developmentRegion = en;
			hasScannedForEncodings = 0;
			knownRegions = (
				en,
				Base,
			);
			mainGroup = B9CDA9492CFCB26200D67D9C;
			minimizedProjectReferenceProxies = 1;
			packageReferences = (
				B9CDA9672CFCB2D700D67D9C /* XCRemoteSwiftPackageReference "AoC-Helpers" */,
			);
			preferredProjectObjectVersion = 77;
			productRefGroup = B9CDA9532CFCB26200D67D9C /* Products */;
			projectDirPath = "";
			projectRoot = "";
			targets = (
				B9CDA95F2CFCB27900D67D9C /* Day 01 */,
				B9CDA9712CFD7B9F00D67D9C /* Day 02 */,
				B9994F112CFEC7AF00B62C24 /* Day 03 */,
			);
		};
/* End PBXProject section */

/* Begin PBXSourcesBuildPhase section */
		B9994F0E2CFEC7AF00B62C24 /* Sources */ = {
			isa = PBXSourcesBuildPhase;
			buildActionMask = 2147483647;
			files = (
			);
			runOnlyForDeploymentPostprocessing = 0;
		};
		B9CDA95C2CFCB27900D67D9C /* Sources */ = {
			isa = PBXSourcesBuildPhase;
			buildActionMask = 2147483647;
			files = (
			);
			runOnlyForDeploymentPostprocessing = 0;
		};
		B9CDA96E2CFD7B9F00D67D9C /* Sources */ = {
			isa = PBXSourcesBuildPhase;
			buildActionMask = 2147483647;
			files = (
			);
			runOnlyForDeploymentPostprocessing = 0;
		};
/* End PBXSourcesBuildPhase section */

/* Begin XCBuildConfiguration section */
		B9994F162CFEC7B000B62C24 /* Debug */ = {
			isa = XCBuildConfiguration;
			buildSettings = {
				CODE_SIGN_STYLE = Automatic;
				PRODUCT_NAME = "$(TARGET_NAME)";
				SWIFT_VERSION = 5.0;
			};
			name = Debug;
		};
		B9994F172CFEC7B000B62C24 /* Release */ = {
			isa = XCBuildConfiguration;
			buildSettings = {
				CODE_SIGN_STYLE = Automatic;
				PRODUCT_NAME = "$(TARGET_NAME)";
				SWIFT_VERSION = 5.0;
			};
			name = Release;
		};
		B9CDA9572CFCB26200D67D9C /* Debug */ = {
			isa = XCBuildConfiguration;
			buildSettings = {
				ALWAYS_SEARCH_USER_PATHS = NO;
				ASSETCATALOG_COMPILER_GENERATE_SWIFT_ASSET_SYMBOL_EXTENSIONS = YES;
				CLANG_ANALYZER_NONNULL = YES;
				CLANG_ANALYZER_NUMBER_OBJECT_CONVERSION = YES_AGGRESSIVE;
				CLANG_CXX_LANGUAGE_STANDARD = "gnu++20";
				CLANG_ENABLE_MODULES = YES;
				CLANG_ENABLE_OBJC_ARC = YES;
				CLANG_ENABLE_OBJC_WEAK = YES;
				CLANG_WARN_BLOCK_CAPTURE_AUTORELEASING = YES;
				CLANG_WARN_BOOL_CONVERSION = YES;
				CLANG_WARN_COMMA = YES;
				CLANG_WARN_CONSTANT_CONVERSION = YES;
				CLANG_WARN_DEPRECATED_OBJC_IMPLEMENTATIONS = YES;
				CLANG_WARN_DIRECT_OBJC_ISA_USAGE = YES_ERROR;
				CLANG_WARN_DOCUMENTATION_COMMENTS = YES;
				CLANG_WARN_EMPTY_BODY = YES;
				CLANG_WARN_ENUM_CONVERSION = YES;
				CLANG_WARN_INFINITE_RECURSION = YES;
				CLANG_WARN_INT_CONVERSION = YES;
				CLANG_WARN_NON_LITERAL_NULL_CONVERSION = YES;
				CLANG_WARN_OBJC_IMPLICIT_RETAIN_SELF = YES;
				CLANG_WARN_OBJC_LITERAL_CONVERSION = YES;
				CLANG_WARN_OBJC_ROOT_CLASS = YES_ERROR;
				CLANG_WARN_QUOTED_INCLUDE_IN_FRAMEWORK_HEADER = YES;
				CLANG_WARN_RANGE_LOOP_ANALYSIS = YES;
				CLANG_WARN_STRICT_PROTOTYPES = YES;
				CLANG_WARN_SUSPICIOUS_MOVE = YES;
				CLANG_WARN_UNGUARDED_AVAILABILITY = YES_AGGRESSIVE;
				CLANG_WARN_UNREACHABLE_CODE = YES;
				CLANG_WARN__DUPLICATE_METHOD_MATCH = YES;
				COPY_PHASE_STRIP = NO;
				DEBUG_INFORMATION_FORMAT = dwarf;
				ENABLE_STRICT_OBJC_MSGSEND = YES;
				ENABLE_TESTABILITY = YES;
				ENABLE_USER_SCRIPT_SANDBOXING = YES;
				GCC_C_LANGUAGE_STANDARD = gnu17;
				GCC_DYNAMIC_NO_PIC = NO;
				GCC_NO_COMMON_BLOCKS = YES;
				GCC_OPTIMIZATION_LEVEL = 0;
				GCC_PREPROCESSOR_DEFINITIONS = (
					"DEBUG=1",
					"$(inherited)",
				);
				GCC_WARN_64_TO_32_BIT_CONVERSION = YES;
				GCC_WARN_ABOUT_RETURN_TYPE = YES_ERROR;
				GCC_WARN_UNDECLARED_SELECTOR = YES;
				GCC_WARN_UNINITIALIZED_AUTOS = YES_AGGRESSIVE;
				GCC_WARN_UNUSED_FUNCTION = YES;
				GCC_WARN_UNUSED_VARIABLE = YES;
				LOCALIZATION_PREFERS_STRING_CATALOGS = YES;
				MACOSX_DEPLOYMENT_TARGET = 15.2;
				MTL_ENABLE_DEBUG_INFO = INCLUDE_SOURCE;
				MTL_FAST_MATH = YES;
				ONLY_ACTIVE_ARCH = YES;
				SDKROOT = macosx;
				SWIFT_ACTIVE_COMPILATION_CONDITIONS = "DEBUG $(inherited)";
				SWIFT_OPTIMIZATION_LEVEL = "-Onone";
			};
			name = Debug;
		};
		B9CDA9582CFCB26200D67D9C /* Release */ = {
			isa = XCBuildConfiguration;
			buildSettings = {
				ALWAYS_SEARCH_USER_PATHS = NO;
				ASSETCATALOG_COMPILER_GENERATE_SWIFT_ASSET_SYMBOL_EXTENSIONS = YES;
				CLANG_ANALYZER_NONNULL = YES;
				CLANG_ANALYZER_NUMBER_OBJECT_CONVERSION = YES_AGGRESSIVE;
				CLANG_CXX_LANGUAGE_STANDARD = "gnu++20";
				CLANG_ENABLE_MODULES = YES;
				CLANG_ENABLE_OBJC_ARC = YES;
				CLANG_ENABLE_OBJC_WEAK = YES;
				CLANG_WARN_BLOCK_CAPTURE_AUTORELEASING = YES;
				CLANG_WARN_BOOL_CONVERSION = YES;
				CLANG_WARN_COMMA = YES;
				CLANG_WARN_CONSTANT_CONVERSION = YES;
				CLANG_WARN_DEPRECATED_OBJC_IMPLEMENTATIONS = YES;
				CLANG_WARN_DIRECT_OBJC_ISA_USAGE = YES_ERROR;
				CLANG_WARN_DOCUMENTATION_COMMENTS = YES;
				CLANG_WARN_EMPTY_BODY = YES;
				CLANG_WARN_ENUM_CONVERSION = YES;
				CLANG_WARN_INFINITE_RECURSION = YES;
				CLANG_WARN_INT_CONVERSION = YES;
				CLANG_WARN_NON_LITERAL_NULL_CONVERSION = YES;
				CLANG_WARN_OBJC_IMPLICIT_RETAIN_SELF = YES;
				CLANG_WARN_OBJC_LITERAL_CONVERSION = YES;
				CLANG_WARN_OBJC_ROOT_CLASS = YES_ERROR;
				CLANG_WARN_QUOTED_INCLUDE_IN_FRAMEWORK_HEADER = YES;
				CLANG_WARN_RANGE_LOOP_ANALYSIS = YES;
				CLANG_WARN_STRICT_PROTOTYPES = YES;
				CLANG_WARN_SUSPICIOUS_MOVE = YES;
				CLANG_WARN_UNGUARDED_AVAILABILITY = YES_AGGRESSIVE;
				CLANG_WARN_UNREACHABLE_CODE = YES;
				CLANG_WARN__DUPLICATE_METHOD_MATCH = YES;
				COPY_PHASE_STRIP = NO;
				DEBUG_INFORMATION_FORMAT = "dwarf-with-dsym";
				ENABLE_NS_ASSERTIONS = NO;
				ENABLE_STRICT_OBJC_MSGSEND = YES;
				ENABLE_USER_SCRIPT_SANDBOXING = YES;
				GCC_C_LANGUAGE_STANDARD = gnu17;
				GCC_NO_COMMON_BLOCKS = YES;
				GCC_WARN_64_TO_32_BIT_CONVERSION = YES;
				GCC_WARN_ABOUT_RETURN_TYPE = YES_ERROR;
				GCC_WARN_UNDECLARED_SELECTOR = YES;
				GCC_WARN_UNINITIALIZED_AUTOS = YES_AGGRESSIVE;
				GCC_WARN_UNUSED_FUNCTION = YES;
				GCC_WARN_UNUSED_VARIABLE = YES;
				LOCALIZATION_PREFERS_STRING_CATALOGS = YES;
				MACOSX_DEPLOYMENT_TARGET = 15.2;
				MTL_ENABLE_DEBUG_INFO = NO;
				MTL_FAST_MATH = YES;
				SDKROOT = macosx;
				SWIFT_COMPILATION_MODE = wholemodule;
			};
			name = Release;
		};
		B9CDA9652CFCB27900D67D9C /* Debug */ = {
			isa = XCBuildConfiguration;
			buildSettings = {
				CODE_SIGN_STYLE = Automatic;
				PRODUCT_NAME = "$(TARGET_NAME)";
				SWIFT_VERSION = 5.0;
			};
			name = Debug;
		};
		B9CDA9662CFCB27900D67D9C /* Release */ = {
			isa = XCBuildConfiguration;
			buildSettings = {
				CODE_SIGN_STYLE = Automatic;
				PRODUCT_NAME = "$(TARGET_NAME)";
				SWIFT_VERSION = 5.0;
			};
			name = Release;
		};
		B9CDA9772CFD7B9F00D67D9C /* Debug */ = {
			isa = XCBuildConfiguration;
			buildSettings = {
				CODE_SIGN_STYLE = Automatic;
				PRODUCT_NAME = "$(TARGET_NAME)";
				SWIFT_VERSION = 5.0;
			};
			name = Debug;
		};
		B9CDA9782CFD7B9F00D67D9C /* Release */ = {
			isa = XCBuildConfiguration;
			buildSettings = {
				CODE_SIGN_STYLE = Automatic;
				PRODUCT_NAME = "$(TARGET_NAME)";
				SWIFT_VERSION = 5.0;
			};
			name = Release;
		};
/* End XCBuildConfiguration section */

/* Begin XCConfigurationList section */
		B9994F182CFEC7B000B62C24 /* Build configuration list for PBXNativeTarget "Day 03" */ = {
			isa = XCConfigurationList;
			buildConfigurations = (
				B9994F162CFEC7B000B62C24 /* Debug */,
				B9994F172CFEC7B000B62C24 /* Release */,
			);
			defaultConfigurationIsVisible = 0;
			defaultConfigurationName = Release;
		};
		B9CDA94D2CFCB26200D67D9C /* Build configuration list for PBXProject "Advent of Code 2024" */ = {
			isa = XCConfigurationList;
			buildConfigurations = (
				B9CDA9572CFCB26200D67D9C /* Debug */,
				B9CDA9582CFCB26200D67D9C /* Release */,
			);
			defaultConfigurationIsVisible = 0;
			defaultConfigurationName = Release;
		};
		B9CDA9642CFCB27900D67D9C /* Build configuration list for PBXNativeTarget "Day 01" */ = {
			isa = XCConfigurationList;
			buildConfigurations = (
				B9CDA9652CFCB27900D67D9C /* Debug */,
				B9CDA9662CFCB27900D67D9C /* Release */,
			);
			defaultConfigurationIsVisible = 0;
			defaultConfigurationName = Release;
		};
		B9CDA9762CFD7B9F00D67D9C /* Build configuration list for PBXNativeTarget "Day 02" */ = {
			isa = XCConfigurationList;
			buildConfigurations = (
				B9CDA9772CFD7B9F00D67D9C /* Debug */,
				B9CDA9782CFD7B9F00D67D9C /* Release */,
			);
			defaultConfigurationIsVisible = 0;
			defaultConfigurationName = Release;
		};
/* End XCConfigurationList section */

/* Begin XCRemoteSwiftPackageReference section */
		B9CDA9672CFCB2D700D67D9C /* XCRemoteSwiftPackageReference "AoC-Helpers" */ = {
			isa = XCRemoteSwiftPackageReference;
			repositoryURL = "https://github.com/juliand665/AoC-Helpers.git";
			requirement = {
				branch = main;
				kind = branch;
			};
		};
/* End XCRemoteSwiftPackageReference section */

/* Begin XCSwiftPackageProductDependency section */
		B9994F192CFEC7B400B62C24 /* AoC-Helpers */ = {
			isa = XCSwiftPackageProductDependency;
			package = B9CDA9672CFCB2D700D67D9C /* XCRemoteSwiftPackageReference "AoC-Helpers" */;
			productName = "AoC-Helpers";
		};
		B9CDA9682CFCB2D700D67D9C /* AoC-Helpers */ = {
			isa = XCSwiftPackageProductDependency;
			package = B9CDA9672CFCB2D700D67D9C /* XCRemoteSwiftPackageReference "AoC-Helpers" */;
			productName = "AoC-Helpers";
		};
		B9CDA97E2CFD7BC700D67D9C /* AoC-Helpers */ = {
			isa = XCSwiftPackageProductDependency;
			package = B9CDA9672CFCB2D700D67D9C /* XCRemoteSwiftPackageReference "AoC-Helpers" */;
			productName = "AoC-Helpers";
		};
/* End XCSwiftPackageProductDependency section */
	};
	rootObject = B9CDA94A2CFCB26200D67D9C /* Project object */;
}
